// !$*UTF8*$!
{
	archiveVersion = 1;
	classes = {
	};
	objectVersion = 55;
	objects = {

/* Begin PBXBuildFile section */
		B92D59DB2837C988006BC73D /* VotersViewController.swift in Sources */ = {isa = PBXBuildFile; fileRef = B92D59DA2837C988006BC73D /* VotersViewController.swift */; };
		B92D59E12837E463006BC73D /* VotersTableViewCell.swift in Sources */ = {isa = PBXBuildFile; fileRef = B92D59E02837E463006BC73D /* VotersTableViewCell.swift */; };
		B938195127FB17C000B91454 /* iPollDtoTests.swift in Sources */ = {isa = PBXBuildFile; fileRef = B938195027FB17C000B91454 /* iPollDtoTests.swift */; };
		B938195C27FCC0CE00B91454 /* PeriodicManagerUnitTest.swift in Sources */ = {isa = PBXBuildFile; fileRef = B938195B27FCC0CE00B91454 /* PeriodicManagerUnitTest.swift */; };
		B938195E27FCC24400B91454 /* PeriodicManagerDelegateMock.swift in Sources */ = {isa = PBXBuildFile; fileRef = B938195D27FCC24400B91454 /* PeriodicManagerDelegateMock.swift */; };
		B944A87B2831BDF90046073F /* JoinPollViewController.swift in Sources */ = {isa = PBXBuildFile; fileRef = B944A86A2831BDF90046073F /* JoinPollViewController.swift */; };
		B944A87C2831BDF90046073F /* VoteViewController.swift in Sources */ = {isa = PBXBuildFile; fileRef = B944A86B2831BDF90046073F /* VoteViewController.swift */; };
		B944A87D2831BDF90046073F /* CreatePollViewController.swift in Sources */ = {isa = PBXBuildFile; fileRef = B944A86C2831BDF90046073F /* CreatePollViewController.swift */; };
		B944A87E2831BDF90046073F /* PollViewController.swift in Sources */ = {isa = PBXBuildFile; fileRef = B944A86D2831BDF90046073F /* PollViewController.swift */; };
		B944A87F2831BDF90046073F /* OnboardViewController.swift in Sources */ = {isa = PBXBuildFile; fileRef = B944A86E2831BDF90046073F /* OnboardViewController.swift */; };
		B944A8802831BDF90046073F /* QRScannerViewController.swift in Sources */ = {isa = PBXBuildFile; fileRef = B944A86F2831BDF90046073F /* QRScannerViewController.swift */; };
		B944A8812831BDF90046073F /* PollPreviewController.swift in Sources */ = {isa = PBXBuildFile; fileRef = B944A8702831BDF90046073F /* PollPreviewController.swift */; };
		B944A8832831BDF90046073F /* PollTableViewCell.swift in Sources */ = {isa = PBXBuildFile; fileRef = B944A8732831BDF90046073F /* PollTableViewCell.swift */; };
		B944A8842831BDF90046073F /* IPButton.swift in Sources */ = {isa = PBXBuildFile; fileRef = B944A8742831BDF90046073F /* IPButton.swift */; };
		B944A8852831BDF90046073F /* IPTextField.swift in Sources */ = {isa = PBXBuildFile; fileRef = B944A8752831BDF90046073F /* IPTextField.swift */; };
		B944A8862831BDF90046073F /* CreatePollOptionCell.swift in Sources */ = {isa = PBXBuildFile; fileRef = B944A8762831BDF90046073F /* CreatePollOptionCell.swift */; };
		B944A8872831BDF90046073F /* CreatePollOptionCell.xib in Resources */ = {isa = PBXBuildFile; fileRef = B944A8772831BDF90046073F /* CreatePollOptionCell.xib */; };
		B944A8882831BDF90046073F /* TableView+EmptyView.swift in Sources */ = {isa = PBXBuildFile; fileRef = B944A8782831BDF90046073F /* TableView+EmptyView.swift */; };
		B944A8892831BDF90046073F /* VoteOptionCell.swift in Sources */ = {isa = PBXBuildFile; fileRef = B944A8792831BDF90046073F /* VoteOptionCell.swift */; };
		B944A88A2831BDF90046073F /* IPLabel.swift in Sources */ = {isa = PBXBuildFile; fileRef = B944A87A2831BDF90046073F /* IPLabel.swift */; };
		B944A8B22831BE890046073F /* Constants.swift in Sources */ = {isa = PBXBuildFile; fileRef = B944A88E2831BE880046073F /* Constants.swift */; };
		B944A8B32831BE890046073F /* AppDelegate.swift in Sources */ = {isa = PBXBuildFile; fileRef = B944A88F2831BE880046073F /* AppDelegate.swift */; };
		B944A8B42831BE890046073F /* NSOrderedSet+Array.swift in Sources */ = {isa = PBXBuildFile; fileRef = B944A8912831BE880046073F /* NSOrderedSet+Array.swift */; };
		B944A8B52831BE890046073F /* UIImage+resize.swift in Sources */ = {isa = PBXBuildFile; fileRef = B944A8922831BE880046073F /* UIImage+resize.swift */; };
		B944A8B62831BE890046073F /* DateFormatter+UTC.swift in Sources */ = {isa = PBXBuildFile; fileRef = B944A8932831BE880046073F /* DateFormatter+UTC.swift */; };
		B944A8B72831BE890046073F /* UIContextualAction+Simple.swift in Sources */ = {isa = PBXBuildFile; fileRef = B944A8942831BE880046073F /* UIContextualAction+Simple.swift */; };
		B944A8B82831BE890046073F /* UIColor+Hex.swift in Sources */ = {isa = PBXBuildFile; fileRef = B944A8952831BE880046073F /* UIColor+Hex.swift */; };
		B944A8B92831BE890046073F /* QRGenerator.swift in Sources */ = {isa = PBXBuildFile; fileRef = B944A8962831BE880046073F /* QRGenerator.swift */; };
		B944A8BA2831BE890046073F /* Router.swift in Sources */ = {isa = PBXBuildFile; fileRef = B944A8972831BE880046073F /* Router.swift */; };
		B944A8BB2831BE890046073F /* SocketParser.swift in Sources */ = {isa = PBXBuildFile; fileRef = B944A8982831BE880046073F /* SocketParser.swift */; };
		B944A8BC2831BE890046073F /* IPollError.swift in Sources */ = {isa = PBXBuildFile; fileRef = B944A8992831BE880046073F /* IPollError.swift */; };
		B944A8BD2831BE890046073F /* ViewContoller+ErrorAlert.swift in Sources */ = {isa = PBXBuildFile; fileRef = B944A89A2831BE880046073F /* ViewContoller+ErrorAlert.swift */; };
		B944A8BE2831BE890046073F /* UsesAutoLayout.swift in Sources */ = {isa = PBXBuildFile; fileRef = B944A89B2831BE880046073F /* UsesAutoLayout.swift */; };
		B944A8BF2831BE890046073F /* Poll.swift in Sources */ = {isa = PBXBuildFile; fileRef = B944A89D2831BE890046073F /* Poll.swift */; };
		B944A8C02831BE890046073F /* PollDto.swift in Sources */ = {isa = PBXBuildFile; fileRef = B944A89E2831BE890046073F /* PollDto.swift */; };
		B944A8C12831BE890046073F /* PersistenceService.swift in Sources */ = {isa = PBXBuildFile; fileRef = B944A89F2831BE890046073F /* PersistenceService.swift */; };
		B944A8C22831BE890046073F /* User.swift in Sources */ = {isa = PBXBuildFile; fileRef = B944A8A02831BE890046073F /* User.swift */; };
		B944A8C32831BE890046073F /* NetworkService.swift in Sources */ = {isa = PBXBuildFile; fileRef = B944A8A12831BE890046073F /* NetworkService.swift */; };
		B944A8C42831BE890046073F /* Entity+Converter.swift in Sources */ = {isa = PBXBuildFile; fileRef = B944A8A22831BE890046073F /* Entity+Converter.swift */; };
		B944A8C52831BE890046073F /* Weak.swift in Sources */ = {isa = PBXBuildFile; fileRef = B944A8A32831BE890046073F /* Weak.swift */; };
		B944A8C72831BE890046073F /* iPoll.xcdatamodeld in Sources */ = {isa = PBXBuildFile; fileRef = B944A8A72831BE890046073F /* iPoll.xcdatamodeld */; };
		B944A8C82831BE890046073F /* SceneDelegate.swift in Sources */ = {isa = PBXBuildFile; fileRef = B944A8A92831BE890046073F /* SceneDelegate.swift */; };
		B944A8C92831BE890046073F /* PollCreateManager.swift in Sources */ = {isa = PBXBuildFile; fileRef = B944A8AB2831BE890046073F /* PollCreateManager.swift */; };
		B944A8CA2831BE890046073F /* PollManager.swift in Sources */ = {isa = PBXBuildFile; fileRef = B944A8AC2831BE890046073F /* PollManager.swift */; };
		B944A8CB2831BE890046073F /* PeriodicManager.swift in Sources */ = {isa = PBXBuildFile; fileRef = B944A8AD2831BE890046073F /* PeriodicManager.swift */; };
		B944A8CC2831BE890046073F /* VoteManager.swift in Sources */ = {isa = PBXBuildFile; fileRef = B944A8AE2831BE890046073F /* VoteManager.swift */; };
		B944A8CD2831BE890046073F /* Assets.xcassets in Resources */ = {isa = PBXBuildFile; fileRef = B944A8B02831BE890046073F /* Assets.xcassets */; };
		B944A8D02831BEB10046073F /* LaunchScreen.storyboard in Resources */ = {isa = PBXBuildFile; fileRef = B944A8CE2831BEB10046073F /* LaunchScreen.storyboard */; };
		B958B6242843DEF500120C49 /* GoogleService-Info.plist in Resources */ = {isa = PBXBuildFile; fileRef = B958B6232843DEF500120C49 /* GoogleService-Info.plist */; };
		EBD6932B279368734EEF264E /* Pods_iPoll.framework in Frameworks */ = {isa = PBXBuildFile; fileRef = 03B232B571A08CB7822394DE /* Pods_iPoll.framework */; };
/* End PBXBuildFile section */

/* Begin PBXContainerItemProxy section */
		B938194B27FB178700B91454 /* PBXContainerItemProxy */ = {
			isa = PBXContainerItemProxy;
			containerPortal = B95E571B27CD1B6E0021E53C /* Project object */;
			proxyType = 1;
			remoteGlobalIDString = B95E572227CD1B6E0021E53C;
			remoteInfo = iPoll;
		};
/* End PBXContainerItemProxy section */

/* Begin PBXFileReference section */
		03B232B571A08CB7822394DE /* Pods_iPoll.framework */ = {isa = PBXFileReference; explicitFileType = wrapper.framework; includeInIndex = 0; path = Pods_iPoll.framework; sourceTree = BUILT_PRODUCTS_DIR; };
		470F5B802919FA34F52CD3F2 /* Pods-iPoll.debug.xcconfig */ = {isa = PBXFileReference; includeInIndex = 1; lastKnownFileType = text.xcconfig; name = "Pods-iPoll.debug.xcconfig"; path = "Target Support Files/Pods-iPoll/Pods-iPoll.debug.xcconfig"; sourceTree = "<group>"; };
		78F7A74C5C71D59B0D469D79 /* Pods-iPoll.release.xcconfig */ = {isa = PBXFileReference; includeInIndex = 1; lastKnownFileType = text.xcconfig; name = "Pods-iPoll.release.xcconfig"; path = "Target Support Files/Pods-iPoll/Pods-iPoll.release.xcconfig"; sourceTree = "<group>"; };
		B92D59DA2837C988006BC73D /* VotersViewController.swift */ = {isa = PBXFileReference; lastKnownFileType = sourcecode.swift; path = VotersViewController.swift; sourceTree = "<group>"; };
		B92D59E02837E463006BC73D /* VotersTableViewCell.swift */ = {isa = PBXFileReference; lastKnownFileType = sourcecode.swift; path = VotersTableViewCell.swift; sourceTree = "<group>"; };
		B938194727FB178700B91454 /* iPollTests.xctest */ = {isa = PBXFileReference; explicitFileType = wrapper.cfbundle; includeInIndex = 0; path = iPollTests.xctest; sourceTree = BUILT_PRODUCTS_DIR; };
		B938195027FB17C000B91454 /* iPollDtoTests.swift */ = {isa = PBXFileReference; lastKnownFileType = sourcecode.swift; path = iPollDtoTests.swift; sourceTree = "<group>"; };
		B938195B27FCC0CE00B91454 /* PeriodicManagerUnitTest.swift */ = {isa = PBXFileReference; lastKnownFileType = sourcecode.swift; path = PeriodicManagerUnitTest.swift; sourceTree = "<group>"; };
		B938195D27FCC24400B91454 /* PeriodicManagerDelegateMock.swift */ = {isa = PBXFileReference; lastKnownFileType = sourcecode.swift; path = PeriodicManagerDelegateMock.swift; sourceTree = "<group>"; };
		B944A86A2831BDF90046073F /* JoinPollViewController.swift */ = {isa = PBXFileReference; fileEncoding = 4; lastKnownFileType = sourcecode.swift; path = JoinPollViewController.swift; sourceTree = "<group>"; };
		B944A86B2831BDF90046073F /* VoteViewController.swift */ = {isa = PBXFileReference; fileEncoding = 4; lastKnownFileType = sourcecode.swift; path = VoteViewController.swift; sourceTree = "<group>"; };
		B944A86C2831BDF90046073F /* CreatePollViewController.swift */ = {isa = PBXFileReference; fileEncoding = 4; lastKnownFileType = sourcecode.swift; path = CreatePollViewController.swift; sourceTree = "<group>"; };
		B944A86D2831BDF90046073F /* PollViewController.swift */ = {isa = PBXFileReference; fileEncoding = 4; lastKnownFileType = sourcecode.swift; path = PollViewController.swift; sourceTree = "<group>"; };
		B944A86E2831BDF90046073F /* OnboardViewController.swift */ = {isa = PBXFileReference; fileEncoding = 4; lastKnownFileType = sourcecode.swift; path = OnboardViewController.swift; sourceTree = "<group>"; };
		B944A86F2831BDF90046073F /* QRScannerViewController.swift */ = {isa = PBXFileReference; fileEncoding = 4; lastKnownFileType = sourcecode.swift; path = QRScannerViewController.swift; sourceTree = "<group>"; };
		B944A8702831BDF90046073F /* PollPreviewController.swift */ = {isa = PBXFileReference; fileEncoding = 4; lastKnownFileType = sourcecode.swift; path = PollPreviewController.swift; sourceTree = "<group>"; };
		B944A8732831BDF90046073F /* PollTableViewCell.swift */ = {isa = PBXFileReference; fileEncoding = 4; lastKnownFileType = sourcecode.swift; path = PollTableViewCell.swift; sourceTree = "<group>"; };
		B944A8742831BDF90046073F /* IPButton.swift */ = {isa = PBXFileReference; fileEncoding = 4; lastKnownFileType = sourcecode.swift; path = IPButton.swift; sourceTree = "<group>"; };
		B944A8752831BDF90046073F /* IPTextField.swift */ = {isa = PBXFileReference; fileEncoding = 4; lastKnownFileType = sourcecode.swift; path = IPTextField.swift; sourceTree = "<group>"; };
		B944A8762831BDF90046073F /* CreatePollOptionCell.swift */ = {isa = PBXFileReference; fileEncoding = 4; lastKnownFileType = sourcecode.swift; path = CreatePollOptionCell.swift; sourceTree = "<group>"; };
		B944A8772831BDF90046073F /* CreatePollOptionCell.xib */ = {isa = PBXFileReference; fileEncoding = 4; lastKnownFileType = file.xib; path = CreatePollOptionCell.xib; sourceTree = "<group>"; };
		B944A8782831BDF90046073F /* TableView+EmptyView.swift */ = {isa = PBXFileReference; fileEncoding = 4; lastKnownFileType = sourcecode.swift; path = "TableView+EmptyView.swift"; sourceTree = "<group>"; };
		B944A8792831BDF90046073F /* VoteOptionCell.swift */ = {isa = PBXFileReference; fileEncoding = 4; lastKnownFileType = sourcecode.swift; path = VoteOptionCell.swift; sourceTree = "<group>"; };
		B944A87A2831BDF90046073F /* IPLabel.swift */ = {isa = PBXFileReference; fileEncoding = 4; lastKnownFileType = sourcecode.swift; path = IPLabel.swift; sourceTree = "<group>"; };
		B944A88D2831BE880046073F /* Info.plist */ = {isa = PBXFileReference; fileEncoding = 4; lastKnownFileType = text.plist.xml; path = Info.plist; sourceTree = "<group>"; };
		B944A88E2831BE880046073F /* Constants.swift */ = {isa = PBXFileReference; fileEncoding = 4; lastKnownFileType = sourcecode.swift; path = Constants.swift; sourceTree = "<group>"; };
		B944A88F2831BE880046073F /* AppDelegate.swift */ = {isa = PBXFileReference; fileEncoding = 4; lastKnownFileType = sourcecode.swift; path = AppDelegate.swift; sourceTree = "<group>"; };
		B944A8912831BE880046073F /* NSOrderedSet+Array.swift */ = {isa = PBXFileReference; fileEncoding = 4; lastKnownFileType = sourcecode.swift; path = "NSOrderedSet+Array.swift"; sourceTree = "<group>"; };
		B944A8922831BE880046073F /* UIImage+resize.swift */ = {isa = PBXFileReference; fileEncoding = 4; lastKnownFileType = sourcecode.swift; path = "UIImage+resize.swift"; sourceTree = "<group>"; };
		B944A8932831BE880046073F /* DateFormatter+UTC.swift */ = {isa = PBXFileReference; fileEncoding = 4; lastKnownFileType = sourcecode.swift; path = "DateFormatter+UTC.swift"; sourceTree = "<group>"; };
		B944A8942831BE880046073F /* UIContextualAction+Simple.swift */ = {isa = PBXFileReference; fileEncoding = 4; lastKnownFileType = sourcecode.swift; path = "UIContextualAction+Simple.swift"; sourceTree = "<group>"; };
		B944A8952831BE880046073F /* UIColor+Hex.swift */ = {isa = PBXFileReference; fileEncoding = 4; lastKnownFileType = sourcecode.swift; path = "UIColor+Hex.swift"; sourceTree = "<group>"; };
		B944A8962831BE880046073F /* QRGenerator.swift */ = {isa = PBXFileReference; fileEncoding = 4; lastKnownFileType = sourcecode.swift; path = QRGenerator.swift; sourceTree = "<group>"; };
		B944A8972831BE880046073F /* Router.swift */ = {isa = PBXFileReference; fileEncoding = 4; lastKnownFileType = sourcecode.swift; path = Router.swift; sourceTree = "<group>"; };
		B944A8982831BE880046073F /* SocketParser.swift */ = {isa = PBXFileReference; fileEncoding = 4; lastKnownFileType = sourcecode.swift; path = SocketParser.swift; sourceTree = "<group>"; };
		B944A8992831BE880046073F /* IPollError.swift */ = {isa = PBXFileReference; fileEncoding = 4; lastKnownFileType = sourcecode.swift; path = IPollError.swift; sourceTree = "<group>"; };
		B944A89A2831BE880046073F /* ViewContoller+ErrorAlert.swift */ = {isa = PBXFileReference; fileEncoding = 4; lastKnownFileType = sourcecode.swift; path = "ViewContoller+ErrorAlert.swift"; sourceTree = "<group>"; };
		B944A89B2831BE880046073F /* UsesAutoLayout.swift */ = {isa = PBXFileReference; fileEncoding = 4; lastKnownFileType = sourcecode.swift; path = UsesAutoLayout.swift; sourceTree = "<group>"; };
		B944A89D2831BE890046073F /* Poll.swift */ = {isa = PBXFileReference; fileEncoding = 4; lastKnownFileType = sourcecode.swift; path = Poll.swift; sourceTree = "<group>"; };
		B944A89E2831BE890046073F /* PollDto.swift */ = {isa = PBXFileReference; fileEncoding = 4; lastKnownFileType = sourcecode.swift; path = PollDto.swift; sourceTree = "<group>"; };
		B944A89F2831BE890046073F /* PersistenceService.swift */ = {isa = PBXFileReference; fileEncoding = 4; lastKnownFileType = sourcecode.swift; path = PersistenceService.swift; sourceTree = "<group>"; };
		B944A8A02831BE890046073F /* User.swift */ = {isa = PBXFileReference; fileEncoding = 4; lastKnownFileType = sourcecode.swift; path = User.swift; sourceTree = "<group>"; };
		B944A8A12831BE890046073F /* NetworkService.swift */ = {isa = PBXFileReference; fileEncoding = 4; lastKnownFileType = sourcecode.swift; path = NetworkService.swift; sourceTree = "<group>"; };
		B944A8A22831BE890046073F /* Entity+Converter.swift */ = {isa = PBXFileReference; fileEncoding = 4; lastKnownFileType = sourcecode.swift; path = "Entity+Converter.swift"; sourceTree = "<group>"; };
		B944A8A32831BE890046073F /* Weak.swift */ = {isa = PBXFileReference; fileEncoding = 4; lastKnownFileType = sourcecode.swift; path = Weak.swift; sourceTree = "<group>"; };
		B944A8A82831BE890046073F /* iPoll.xcdatamodel */ = {isa = PBXFileReference; lastKnownFileType = wrapper.xcdatamodel; path = iPoll.xcdatamodel; sourceTree = "<group>"; };
		B944A8A92831BE890046073F /* SceneDelegate.swift */ = {isa = PBXFileReference; fileEncoding = 4; lastKnownFileType = sourcecode.swift; path = SceneDelegate.swift; sourceTree = "<group>"; };
		B944A8AB2831BE890046073F /* PollCreateManager.swift */ = {isa = PBXFileReference; fileEncoding = 4; lastKnownFileType = sourcecode.swift; path = PollCreateManager.swift; sourceTree = "<group>"; };
		B944A8AC2831BE890046073F /* PollManager.swift */ = {isa = PBXFileReference; fileEncoding = 4; lastKnownFileType = sourcecode.swift; path = PollManager.swift; sourceTree = "<group>"; };
		B944A8AD2831BE890046073F /* PeriodicManager.swift */ = {isa = PBXFileReference; fileEncoding = 4; lastKnownFileType = sourcecode.swift; path = PeriodicManager.swift; sourceTree = "<group>"; };
		B944A8AE2831BE890046073F /* VoteManager.swift */ = {isa = PBXFileReference; fileEncoding = 4; lastKnownFileType = sourcecode.swift; path = VoteManager.swift; sourceTree = "<group>"; };
		B944A8AF2831BE890046073F /* iPoll.entitlements */ = {isa = PBXFileReference; fileEncoding = 4; lastKnownFileType = text.plist.entitlements; path = iPoll.entitlements; sourceTree = "<group>"; };
		B944A8B02831BE890046073F /* Assets.xcassets */ = {isa = PBXFileReference; lastKnownFileType = folder.assetcatalog; path = Assets.xcassets; sourceTree = "<group>"; };
		B944A8CF2831BEB10046073F /* Base */ = {isa = PBXFileReference; lastKnownFileType = file.storyboard; name = Base; path = Base.lproj/LaunchScreen.storyboard; sourceTree = "<group>"; };
		B958B6232843DEF500120C49 /* GoogleService-Info.plist */ = {isa = PBXFileReference; fileEncoding = 4; lastKnownFileType = text.plist.xml; path = "GoogleService-Info.plist"; sourceTree = "<group>"; };
		B95E572327CD1B6E0021E53C /* iPoll.app */ = {isa = PBXFileReference; explicitFileType = wrapper.application; includeInIndex = 0; path = iPoll.app; sourceTree = BUILT_PRODUCTS_DIR; };
/* End PBXFileReference section */

/* Begin PBXFrameworksBuildPhase section */
		B938194427FB178700B91454 /* Frameworks */ = {
			isa = PBXFrameworksBuildPhase;
			buildActionMask = 2147483647;
			files = (
			);
			runOnlyForDeploymentPostprocessing = 0;
		};
		B95E572027CD1B6E0021E53C /* Frameworks */ = {
			isa = PBXFrameworksBuildPhase;
			buildActionMask = 2147483647;
			files = (
				EBD6932B279368734EEF264E /* Pods_iPoll.framework in Frameworks */,
			);
			runOnlyForDeploymentPostprocessing = 0;
		};
/* End PBXFrameworksBuildPhase section */

/* Begin PBXGroup section */
		4C1F782A24B5792EA6C9EA08 /* Pods */ = {
			isa = PBXGroup;
			children = (
				470F5B802919FA34F52CD3F2 /* Pods-iPoll.debug.xcconfig */,
				78F7A74C5C71D59B0D469D79 /* Pods-iPoll.release.xcconfig */,
			);
			path = Pods;
			sourceTree = "<group>";
		};
		B938194827FB178700B91454 /* iPollTests */ = {
			isa = PBXGroup;
			children = (
				B938195027FB17C000B91454 /* iPollDtoTests.swift */,
				B938195B27FCC0CE00B91454 /* PeriodicManagerUnitTest.swift */,
				B938195D27FCC24400B91454 /* PeriodicManagerDelegateMock.swift */,
			);
			path = iPollTests;
			sourceTree = "<group>";
		};
		B944A8372831B4530046073F /* iPoll */ = {
			isa = PBXGroup;
			children = (
				B958B6232843DEF500120C49 /* GoogleService-Info.plist */,
				B9DCB5922843D73800258A19 /* App Delegates */,
				B9DCB5902843D6ED00258A19 /* Resources */,
				B944A89C2831BE890046073F /* Model */,
				B944A8902831BE880046073F /* Utils */,
				B944A8AA2831BE890046073F /* Presenters */,
				B944A8692831BDF90046073F /* Views */,
			);
			path = iPoll;
			sourceTree = "<group>";
		};
		B944A8692831BDF90046073F /* Views */ = {
			isa = PBXGroup;
			children = (
				B944A86A2831BDF90046073F /* JoinPollViewController.swift */,
				B944A86B2831BDF90046073F /* VoteViewController.swift */,
				B944A86C2831BDF90046073F /* CreatePollViewController.swift */,
				B944A86D2831BDF90046073F /* PollViewController.swift */,
				B944A86E2831BDF90046073F /* OnboardViewController.swift */,
				B944A86F2831BDF90046073F /* QRScannerViewController.swift */,
				B944A8702831BDF90046073F /* PollPreviewController.swift */,
				B92D59DA2837C988006BC73D /* VotersViewController.swift */,
				B944A8722831BDF90046073F /* Widgets */,
			);
			path = Views;
			sourceTree = "<group>";
		};
		B944A8722831BDF90046073F /* Widgets */ = {
			isa = PBXGroup;
			children = (
				B944A8732831BDF90046073F /* PollTableViewCell.swift */,
				B944A8742831BDF90046073F /* IPButton.swift */,
				B944A8752831BDF90046073F /* IPTextField.swift */,
				B944A8762831BDF90046073F /* CreatePollOptionCell.swift */,
				B944A8772831BDF90046073F /* CreatePollOptionCell.xib */,
				B944A8782831BDF90046073F /* TableView+EmptyView.swift */,
				B944A8792831BDF90046073F /* VoteOptionCell.swift */,
				B944A87A2831BDF90046073F /* IPLabel.swift */,
				B92D59E02837E463006BC73D /* VotersTableViewCell.swift */,
			);
			path = Widgets;
			sourceTree = "<group>";
		};
		B944A8902831BE880046073F /* Utils */ = {
			isa = PBXGroup;
			children = (
				B944A88E2831BE880046073F /* Constants.swift */,
				B944A8912831BE880046073F /* NSOrderedSet+Array.swift */,
				B944A8922831BE880046073F /* UIImage+resize.swift */,
				B944A8932831BE880046073F /* DateFormatter+UTC.swift */,
				B944A8942831BE880046073F /* UIContextualAction+Simple.swift */,
				B944A8952831BE880046073F /* UIColor+Hex.swift */,
				B944A8962831BE880046073F /* QRGenerator.swift */,
				B944A8972831BE880046073F /* Router.swift */,
				B944A8982831BE880046073F /* SocketParser.swift */,
				B944A8992831BE880046073F /* IPollError.swift */,
				B944A89A2831BE880046073F /* ViewContoller+ErrorAlert.swift */,
				B944A89B2831BE880046073F /* UsesAutoLayout.swift */,
			);
			path = Utils;
			sourceTree = "<group>";
		};
		B944A89C2831BE890046073F /* Model */ = {
			isa = PBXGroup;
			children = (
				B944A89D2831BE890046073F /* Poll.swift */,
				B944A89E2831BE890046073F /* PollDto.swift */,
				B944A89F2831BE890046073F /* PersistenceService.swift */,
				B944A8A02831BE890046073F /* User.swift */,
				B944A8A12831BE890046073F /* NetworkService.swift */,
				B944A8A22831BE890046073F /* Entity+Converter.swift */,
				B944A8A32831BE890046073F /* Weak.swift */,
			);
			path = Model;
			sourceTree = "<group>";
		};
		B944A8AA2831BE890046073F /* Presenters */ = {
			isa = PBXGroup;
			children = (
				B944A8AB2831BE890046073F /* PollCreateManager.swift */,
				B944A8AC2831BE890046073F /* PollManager.swift */,
				B944A8AD2831BE890046073F /* PeriodicManager.swift */,
				B944A8AE2831BE890046073F /* VoteManager.swift */,
			);
			path = Presenters;
			sourceTree = "<group>";
		};
		B95E571A27CD1B6E0021E53C = {
			isa = PBXGroup;
			children = (
				B944A8372831B4530046073F /* iPoll */,
				B938194827FB178700B91454 /* iPollTests */,
				B95E572427CD1B6E0021E53C /* Products */,
				4C1F782A24B5792EA6C9EA08 /* Pods */,
				F0263F1750E5576389B913A0 /* Frameworks */,
			);
			sourceTree = "<group>";
		};
		B95E572427CD1B6E0021E53C /* Products */ = {
			isa = PBXGroup;
			children = (
				B95E572327CD1B6E0021E53C /* iPoll.app */,
				B938194727FB178700B91454 /* iPollTests.xctest */,
			);
			name = Products;
			sourceTree = "<group>";
		};
		B9DCB5902843D6ED00258A19 /* Resources */ = {
			isa = PBXGroup;
			children = (
				B944A8A72831BE890046073F /* iPoll.xcdatamodeld */,
				B944A88D2831BE880046073F /* Info.plist */,
				B944A8AF2831BE890046073F /* iPoll.entitlements */,
				B944A8B02831BE890046073F /* Assets.xcassets */,
				B944A8CE2831BEB10046073F /* LaunchScreen.storyboard */,
			);
			path = Resources;
			sourceTree = "<group>";
		};
		B9DCB5922843D73800258A19 /* App Delegates */ = {
			isa = PBXGroup;
			children = (
				B944A8A92831BE890046073F /* SceneDelegate.swift */,
				B944A88F2831BE880046073F /* AppDelegate.swift */,
			);
			path = "App Delegates";
			sourceTree = "<group>";
		};
		F0263F1750E5576389B913A0 /* Frameworks */ = {
			isa = PBXGroup;
			children = (
				03B232B571A08CB7822394DE /* Pods_iPoll.framework */,
			);
			name = Frameworks;
			sourceTree = "<group>";
		};
/* End PBXGroup section */

/* Begin PBXNativeTarget section */
		B938194627FB178700B91454 /* iPollTests */ = {
			isa = PBXNativeTarget;
			buildConfigurationList = B938194D27FB178700B91454 /* Build configuration list for PBXNativeTarget "iPollTests" */;
			buildPhases = (
				B938194327FB178700B91454 /* Sources */,
				B938194427FB178700B91454 /* Frameworks */,
				B938194527FB178700B91454 /* Resources */,
			);
			buildRules = (
			);
			dependencies = (
				B938194C27FB178700B91454 /* PBXTargetDependency */,
			);
			name = iPollTests;
			productName = iPollTests;
			productReference = B938194727FB178700B91454 /* iPollTests.xctest */;
			productType = "com.apple.product-type.bundle.unit-test";
		};
		B95E572227CD1B6E0021E53C /* iPoll */ = {
			isa = PBXNativeTarget;
			buildConfigurationList = B95E573A27CD1B700021E53C /* Build configuration list for PBXNativeTarget "iPoll" */;
			buildPhases = (
				DB0F7632C92565C09A7C05CE /* [CP] Check Pods Manifest.lock */,
				B95E571F27CD1B6E0021E53C /* Sources */,
				B95E572027CD1B6E0021E53C /* Frameworks */,
				B95E572127CD1B6E0021E53C /* Resources */,
				B939957527E8E1C5001CAB56 /* ShellScript */,
				FDF76056954ADE7CCB273B65 /* [CP] Embed Pods Frameworks */,
				F70FF3103D17C193B50FBA83 /* [CP] Copy Pods Resources */,
			);
			buildRules = (
			);
			dependencies = (
			);
			name = iPoll;
			productName = iPoll;
			productReference = B95E572327CD1B6E0021E53C /* iPoll.app */;
			productType = "com.apple.product-type.application";
		};
/* End PBXNativeTarget section */

/* Begin PBXProject section */
		B95E571B27CD1B6E0021E53C /* Project object */ = {
			isa = PBXProject;
			attributes = {
				BuildIndependentTargetsInParallel = 1;
				LastSwiftUpdateCheck = 1330;
				LastUpgradeCheck = 1330;
				TargetAttributes = {
					B938194627FB178700B91454 = {
						CreatedOnToolsVersion = 13.3;
						TestTargetID = B95E572227CD1B6E0021E53C;
					};
					B95E572227CD1B6E0021E53C = {
						CreatedOnToolsVersion = 13.2.1;
						LastSwiftMigration = 1330;
					};
				};
			};
			buildConfigurationList = B95E571E27CD1B6E0021E53C /* Build configuration list for PBXProject "iPoll" */;
			compatibilityVersion = "Xcode 13.0";
			developmentRegion = en;
			hasScannedForEncodings = 0;
			knownRegions = (
				en,
				Base,
			);
			mainGroup = B95E571A27CD1B6E0021E53C;
			productRefGroup = B95E572427CD1B6E0021E53C /* Products */;
			projectDirPath = "";
			projectRoot = "";
			targets = (
				B95E572227CD1B6E0021E53C /* iPoll */,
				B938194627FB178700B91454 /* iPollTests */,
			);
		};
/* End PBXProject section */

/* Begin PBXResourcesBuildPhase section */
		B938194527FB178700B91454 /* Resources */ = {
			isa = PBXResourcesBuildPhase;
			buildActionMask = 2147483647;
			files = (
			);
			runOnlyForDeploymentPostprocessing = 0;
		};
		B95E572127CD1B6E0021E53C /* Resources */ = {
			isa = PBXResourcesBuildPhase;
			buildActionMask = 2147483647;
			files = (
				B944A8D02831BEB10046073F /* LaunchScreen.storyboard in Resources */,
				B958B6242843DEF500120C49 /* GoogleService-Info.plist in Resources */,
				B944A8CD2831BE890046073F /* Assets.xcassets in Resources */,
				B944A8872831BDF90046073F /* CreatePollOptionCell.xib in Resources */,
			);
			runOnlyForDeploymentPostprocessing = 0;
		};
/* End PBXResourcesBuildPhase section */

/* Begin PBXShellScriptBuildPhase section */
		B939957527E8E1C5001CAB56 /* ShellScript */ = {
			isa = PBXShellScriptBuildPhase;
			alwaysOutOfDate = 1;
			buildActionMask = 12;
			files = (
			);
			inputFileListPaths = (
			);
			inputPaths = (
			);
			outputFileListPaths = (
			);
			outputPaths = (
			);
			runOnlyForDeploymentPostprocessing = 0;
			shellPath = /bin/sh;
			shellScript = "# Type a script or drag a script file from your workspace to insert its path.\nalias swiftlint = ${PODS_ROOT}/SwiftLint/swiftlint\n\nif which swiftlint >/dev/null; then\n  \U001b swiftlint --fix\n   swiftlint\n   \nelse \n    echo \"Warning Swiftlint not installed\"\nfi\n";
		};
		DB0F7632C92565C09A7C05CE /* [CP] Check Pods Manifest.lock */ = {
			isa = PBXShellScriptBuildPhase;
			buildActionMask = 2147483647;
			files = (
			);
			inputFileListPaths = (
			);
			inputPaths = (
				"${PODS_PODFILE_DIR_PATH}/Podfile.lock",
				"${PODS_ROOT}/Manifest.lock",
			);
			name = "[CP] Check Pods Manifest.lock";
			outputFileListPaths = (
			);
			outputPaths = (
				"$(DERIVED_FILE_DIR)/Pods-iPoll-checkManifestLockResult.txt",
			);
			runOnlyForDeploymentPostprocessing = 0;
			shellPath = /bin/sh;
			shellScript = "diff \"${PODS_PODFILE_DIR_PATH}/Podfile.lock\" \"${PODS_ROOT}/Manifest.lock\" > /dev/null\nif [ $? != 0 ] ; then\n    # print error to STDERR\n    echo \"error: The sandbox is not in sync with the Podfile.lock. Run 'pod install' or update your CocoaPods installation.\" >&2\n    exit 1\nfi\n# This output is used by Xcode 'outputs' to avoid re-running this script phase.\necho \"SUCCESS\" > \"${SCRIPT_OUTPUT_FILE_0}\"\n";
			showEnvVarsInLog = 0;
		};
		F70FF3103D17C193B50FBA83 /* [CP] Copy Pods Resources */ = {
			isa = PBXShellScriptBuildPhase;
			buildActionMask = 2147483647;
			files = (
			);
			inputFileListPaths = (
				"${PODS_ROOT}/Target Support Files/Pods-iPoll/Pods-iPoll-resources-${CONFIGURATION}-input-files.xcfilelist",
			);
			name = "[CP] Copy Pods Resources";
			outputFileListPaths = (
				"${PODS_ROOT}/Target Support Files/Pods-iPoll/Pods-iPoll-resources-${CONFIGURATION}-output-files.xcfilelist",
			);
			runOnlyForDeploymentPostprocessing = 0;
			shellPath = /bin/sh;
			shellScript = "\"${PODS_ROOT}/Target Support Files/Pods-iPoll/Pods-iPoll-resources.sh\"\n";
			showEnvVarsInLog = 0;
		};
		FDF76056954ADE7CCB273B65 /* [CP] Embed Pods Frameworks */ = {
			isa = PBXShellScriptBuildPhase;
			buildActionMask = 2147483647;
			files = (
			);
			inputFileListPaths = (
				"${PODS_ROOT}/Target Support Files/Pods-iPoll/Pods-iPoll-frameworks-${CONFIGURATION}-input-files.xcfilelist",
			);
			name = "[CP] Embed Pods Frameworks";
			outputFileListPaths = (
				"${PODS_ROOT}/Target Support Files/Pods-iPoll/Pods-iPoll-frameworks-${CONFIGURATION}-output-files.xcfilelist",
			);
			runOnlyForDeploymentPostprocessing = 0;
			shellPath = /bin/sh;
			shellScript = "\"${PODS_ROOT}/Target Support Files/Pods-iPoll/Pods-iPoll-frameworks.sh\"\n";
			showEnvVarsInLog = 0;
		};
/* End PBXShellScriptBuildPhase section */

/* Begin PBXSourcesBuildPhase section */
		B938194327FB178700B91454 /* Sources */ = {
			isa = PBXSourcesBuildPhase;
			buildActionMask = 2147483647;
			files = (
				B938195C27FCC0CE00B91454 /* PeriodicManagerUnitTest.swift in Sources */,
				B938195E27FCC24400B91454 /* PeriodicManagerDelegateMock.swift in Sources */,
				B938195127FB17C000B91454 /* iPollDtoTests.swift in Sources */,
			);
			runOnlyForDeploymentPostprocessing = 0;
		};
		B95E571F27CD1B6E0021E53C /* Sources */ = {
			isa = PBXSourcesBuildPhase;
			buildActionMask = 2147483647;
			files = (
				B944A8B72831BE890046073F /* UIContextualAction+Simple.swift in Sources */,
				B944A8802831BDF90046073F /* QRScannerViewController.swift in Sources */,
				B944A8C72831BE890046073F /* iPoll.xcdatamodeld in Sources */,
				B944A8892831BDF90046073F /* VoteOptionCell.swift in Sources */,
				B944A87D2831BDF90046073F /* CreatePollViewController.swift in Sources */,
				B944A8C22831BE890046073F /* User.swift in Sources */,
				B944A87E2831BDF90046073F /* PollViewController.swift in Sources */,
				B944A8B82831BE890046073F /* UIColor+Hex.swift in Sources */,
				B944A87C2831BDF90046073F /* VoteViewController.swift in Sources */,
				B944A8852831BDF90046073F /* IPTextField.swift in Sources */,
				B944A8C02831BE890046073F /* PollDto.swift in Sources */,
				B944A8B92831BE890046073F /* QRGenerator.swift in Sources */,
				B944A8C92831BE890046073F /* PollCreateManager.swift in Sources */,
				B944A8B52831BE890046073F /* UIImage+resize.swift in Sources */,
				B944A8BF2831BE890046073F /* Poll.swift in Sources */,
				B944A8BE2831BE890046073F /* UsesAutoLayout.swift in Sources */,
				B944A8B22831BE890046073F /* Constants.swift in Sources */,
				B944A8CB2831BE890046073F /* PeriodicManager.swift in Sources */,
				B92D59E12837E463006BC73D /* VotersTableViewCell.swift in Sources */,
				B944A8842831BDF90046073F /* IPButton.swift in Sources */,
				B944A8B42831BE890046073F /* NSOrderedSet+Array.swift in Sources */,
				B944A87B2831BDF90046073F /* JoinPollViewController.swift in Sources */,
				B944A8CC2831BE890046073F /* VoteManager.swift in Sources */,
				B944A8862831BDF90046073F /* CreatePollOptionCell.swift in Sources */,
				B944A8BA2831BE890046073F /* Router.swift in Sources */,
				B944A8BC2831BE890046073F /* IPollError.swift in Sources */,
				B944A8C32831BE890046073F /* NetworkService.swift in Sources */,
				B944A8C82831BE890046073F /* SceneDelegate.swift in Sources */,
				B944A88A2831BDF90046073F /* IPLabel.swift in Sources */,
				B944A87F2831BDF90046073F /* OnboardViewController.swift in Sources */,
				B944A8C42831BE890046073F /* Entity+Converter.swift in Sources */,
				B944A8B62831BE890046073F /* DateFormatter+UTC.swift in Sources */,
				B944A8C52831BE890046073F /* Weak.swift in Sources */,
				B944A8CA2831BE890046073F /* PollManager.swift in Sources */,
				B944A8832831BDF90046073F /* PollTableViewCell.swift in Sources */,
				B944A8BB2831BE890046073F /* SocketParser.swift in Sources */,
				B92D59DB2837C988006BC73D /* VotersViewController.swift in Sources */,
				B944A8812831BDF90046073F /* PollPreviewController.swift in Sources */,
				B944A8C12831BE890046073F /* PersistenceService.swift in Sources */,
				B944A8B32831BE890046073F /* AppDelegate.swift in Sources */,
				B944A8882831BDF90046073F /* TableView+EmptyView.swift in Sources */,
				B944A8BD2831BE890046073F /* ViewContoller+ErrorAlert.swift in Sources */,
			);
			runOnlyForDeploymentPostprocessing = 0;
		};
/* End PBXSourcesBuildPhase section */

/* Begin PBXTargetDependency section */
		B938194C27FB178700B91454 /* PBXTargetDependency */ = {
			isa = PBXTargetDependency;
			target = B95E572227CD1B6E0021E53C /* iPoll */;
			targetProxy = B938194B27FB178700B91454 /* PBXContainerItemProxy */;
		};
/* End PBXTargetDependency section */

/* Begin PBXVariantGroup section */
		B944A8CE2831BEB10046073F /* LaunchScreen.storyboard */ = {
			isa = PBXVariantGroup;
			children = (
				B944A8CF2831BEB10046073F /* Base */,
			);
			name = LaunchScreen.storyboard;
			sourceTree = "<group>";
		};
/* End PBXVariantGroup section */

/* Begin XCBuildConfiguration section */
		B938194E27FB178700B91454 /* Debug */ = {
			isa = XCBuildConfiguration;
			buildSettings = {
				ALWAYS_EMBED_SWIFT_STANDARD_LIBRARIES = YES;
				BUNDLE_LOADER = "$(TEST_HOST)";
				CODE_SIGN_STYLE = Automatic;
				CURRENT_PROJECT_VERSION = 1;
				DEVELOPMENT_TEAM = QX575RRUK3;
				GENERATE_INFOPLIST_FILE = YES;
				IPHONEOS_DEPLOYMENT_TARGET = 15.4;
				MARKETING_VERSION = 1.0;
				PRODUCT_BUNDLE_IDENTIFIER = Uno.iPollTests;
				PRODUCT_NAME = "$(TARGET_NAME)";
				SWIFT_EMIT_LOC_STRINGS = NO;
				SWIFT_VERSION = 5.0;
				TARGETED_DEVICE_FAMILY = "1,2";
				TEST_HOST = "$(BUILT_PRODUCTS_DIR)/iPoll.app/iPoll";
			};
			name = Debug;
		};
		B938194F27FB178700B91454 /* Release */ = {
			isa = XCBuildConfiguration;
			buildSettings = {
				ALWAYS_EMBED_SWIFT_STANDARD_LIBRARIES = YES;
				BUNDLE_LOADER = "$(TEST_HOST)";
				CODE_SIGN_STYLE = Automatic;
				CURRENT_PROJECT_VERSION = 1;
				DEVELOPMENT_TEAM = QX575RRUK3;
				GENERATE_INFOPLIST_FILE = YES;
				IPHONEOS_DEPLOYMENT_TARGET = 15.4;
				MARKETING_VERSION = 1.0;
				PRODUCT_BUNDLE_IDENTIFIER = Uno.iPollTests;
				PRODUCT_NAME = "$(TARGET_NAME)";
				SWIFT_EMIT_LOC_STRINGS = NO;
				SWIFT_VERSION = 5.0;
				TARGETED_DEVICE_FAMILY = "1,2";
				TEST_HOST = "$(BUILT_PRODUCTS_DIR)/iPoll.app/iPoll";
			};
			name = Release;
		};
		B95E573827CD1B700021E53C /* Debug */ = {
			isa = XCBuildConfiguration;
			buildSettings = {
				ALWAYS_SEARCH_USER_PATHS = NO;
				CLANG_ANALYZER_NONNULL = YES;
				CLANG_ANALYZER_NUMBER_OBJECT_CONVERSION = YES_AGGRESSIVE;
				CLANG_CXX_LANGUAGE_STANDARD = "gnu++17";
				CLANG_CXX_LIBRARY = "libc++";
				CLANG_ENABLE_MODULES = YES;
				CLANG_ENABLE_OBJC_ARC = YES;
				CLANG_ENABLE_OBJC_WEAK = YES;
				CLANG_WARN_BLOCK_CAPTURE_AUTORELEASING = YES;
				CLANG_WARN_BOOL_CONVERSION = YES;
				CLANG_WARN_COMMA = YES;
				CLANG_WARN_CONSTANT_CONVERSION = YES;
				CLANG_WARN_DEPRECATED_OBJC_IMPLEMENTATIONS = YES;
				CLANG_WARN_DIRECT_OBJC_ISA_USAGE = YES_ERROR;
				CLANG_WARN_DOCUMENTATION_COMMENTS = YES;
				CLANG_WARN_EMPTY_BODY = YES;
				CLANG_WARN_ENUM_CONVERSION = YES;
				CLANG_WARN_INFINITE_RECURSION = YES;
				CLANG_WARN_INT_CONVERSION = YES;
				CLANG_WARN_NON_LITERAL_NULL_CONVERSION = YES;
				CLANG_WARN_OBJC_IMPLICIT_RETAIN_SELF = YES;
				CLANG_WARN_OBJC_LITERAL_CONVERSION = YES;
				CLANG_WARN_OBJC_ROOT_CLASS = YES_ERROR;
				CLANG_WARN_QUOTED_INCLUDE_IN_FRAMEWORK_HEADER = YES;
				CLANG_WARN_RANGE_LOOP_ANALYSIS = YES;
				CLANG_WARN_STRICT_PROTOTYPES = YES;
				CLANG_WARN_SUSPICIOUS_MOVE = YES;
				CLANG_WARN_UNGUARDED_AVAILABILITY = YES_AGGRESSIVE;
				CLANG_WARN_UNREACHABLE_CODE = YES;
				CLANG_WARN__DUPLICATE_METHOD_MATCH = YES;
				COPY_PHASE_STRIP = NO;
				DEBUG_INFORMATION_FORMAT = dwarf;
				ENABLE_STRICT_OBJC_MSGSEND = YES;
				ENABLE_TESTABILITY = YES;
				GCC_C_LANGUAGE_STANDARD = gnu11;
				GCC_DYNAMIC_NO_PIC = NO;
				GCC_NO_COMMON_BLOCKS = YES;
				GCC_OPTIMIZATION_LEVEL = 0;
				GCC_PREPROCESSOR_DEFINITIONS = (
					"DEBUG=1",
					"$(inherited)",
				);
				GCC_WARN_64_TO_32_BIT_CONVERSION = YES;
				GCC_WARN_ABOUT_RETURN_TYPE = YES_ERROR;
				GCC_WARN_UNDECLARED_SELECTOR = YES;
				GCC_WARN_UNINITIALIZED_AUTOS = YES_AGGRESSIVE;
				GCC_WARN_UNUSED_FUNCTION = YES;
				GCC_WARN_UNUSED_VARIABLE = YES;
				IPHONEOS_DEPLOYMENT_TARGET = 15.2;
				MTL_ENABLE_DEBUG_INFO = INCLUDE_SOURCE;
				MTL_FAST_MATH = YES;
				ONLY_ACTIVE_ARCH = YES;
				SDKROOT = iphoneos;
				SWIFT_ACTIVE_COMPILATION_CONDITIONS = DEBUG;
				SWIFT_OPTIMIZATION_LEVEL = "-Onone";
			};
			name = Debug;
		};
		B95E573927CD1B700021E53C /* Release */ = {
			isa = XCBuildConfiguration;
			buildSettings = {
				ALWAYS_SEARCH_USER_PATHS = NO;
				CLANG_ANALYZER_NONNULL = YES;
				CLANG_ANALYZER_NUMBER_OBJECT_CONVERSION = YES_AGGRESSIVE;
				CLANG_CXX_LANGUAGE_STANDARD = "gnu++17";
				CLANG_CXX_LIBRARY = "libc++";
				CLANG_ENABLE_MODULES = YES;
				CLANG_ENABLE_OBJC_ARC = YES;
				CLANG_ENABLE_OBJC_WEAK = YES;
				CLANG_WARN_BLOCK_CAPTURE_AUTORELEASING = YES;
				CLANG_WARN_BOOL_CONVERSION = YES;
				CLANG_WARN_COMMA = YES;
				CLANG_WARN_CONSTANT_CONVERSION = YES;
				CLANG_WARN_DEPRECATED_OBJC_IMPLEMENTATIONS = YES;
				CLANG_WARN_DIRECT_OBJC_ISA_USAGE = YES_ERROR;
				CLANG_WARN_DOCUMENTATION_COMMENTS = YES;
				CLANG_WARN_EMPTY_BODY = YES;
				CLANG_WARN_ENUM_CONVERSION = YES;
				CLANG_WARN_INFINITE_RECURSION = YES;
				CLANG_WARN_INT_CONVERSION = YES;
				CLANG_WARN_NON_LITERAL_NULL_CONVERSION = YES;
				CLANG_WARN_OBJC_IMPLICIT_RETAIN_SELF = YES;
				CLANG_WARN_OBJC_LITERAL_CONVERSION = YES;
				CLANG_WARN_OBJC_ROOT_CLASS = YES_ERROR;
				CLANG_WARN_QUOTED_INCLUDE_IN_FRAMEWORK_HEADER = YES;
				CLANG_WARN_RANGE_LOOP_ANALYSIS = YES;
				CLANG_WARN_STRICT_PROTOTYPES = YES;
				CLANG_WARN_SUSPICIOUS_MOVE = YES;
				CLANG_WARN_UNGUARDED_AVAILABILITY = YES_AGGRESSIVE;
				CLANG_WARN_UNREACHABLE_CODE = YES;
				CLANG_WARN__DUPLICATE_METHOD_MATCH = YES;
				COPY_PHASE_STRIP = NO;
				DEBUG_INFORMATION_FORMAT = "dwarf-with-dsym";
				ENABLE_NS_ASSERTIONS = NO;
				ENABLE_STRICT_OBJC_MSGSEND = YES;
				GCC_C_LANGUAGE_STANDARD = gnu11;
				GCC_NO_COMMON_BLOCKS = YES;
				GCC_WARN_64_TO_32_BIT_CONVERSION = YES;
				GCC_WARN_ABOUT_RETURN_TYPE = YES_ERROR;
				GCC_WARN_UNDECLARED_SELECTOR = YES;
				GCC_WARN_UNINITIALIZED_AUTOS = YES_AGGRESSIVE;
				GCC_WARN_UNUSED_FUNCTION = YES;
				GCC_WARN_UNUSED_VARIABLE = YES;
				IPHONEOS_DEPLOYMENT_TARGET = 15.2;
				MTL_ENABLE_DEBUG_INFO = NO;
				MTL_FAST_MATH = YES;
				SDKROOT = iphoneos;
				SWIFT_COMPILATION_MODE = wholemodule;
				SWIFT_OPTIMIZATION_LEVEL = "-O";
				VALIDATE_PRODUCT = YES;
			};
			name = Release;
		};
		B95E573B27CD1B700021E53C /* Debug */ = {
			isa = XCBuildConfiguration;
			baseConfigurationReference = 470F5B802919FA34F52CD3F2 /* Pods-iPoll.debug.xcconfig */;
			buildSettings = {
				ASSETCATALOG_COMPILER_APPICON_NAME = AppIcon;
				ASSETCATALOG_COMPILER_GLOBAL_ACCENT_COLOR_NAME = AccentColor;
				CLANG_ENABLE_MODULES = YES;
				CODE_SIGN_ENTITLEMENTS = iPoll/Resources/iPoll.entitlements;
				CODE_SIGN_STYLE = Automatic;
				CURRENT_PROJECT_VERSION = 1;
				DEVELOPMENT_TEAM = M6L4J4336Y;
				GENERATE_INFOPLIST_FILE = YES;
				INFOPLIST_FILE = iPoll/Resources/Info.plist;
				INFOPLIST_KEY_NSCameraUsageDescription = "Permission is needed to access the camera to get QR code";
				INFOPLIST_KEY_UIApplicationSupportsIndirectInputEvents = YES;
				INFOPLIST_KEY_UILaunchStoryboardName = LaunchScreen;
				INFOPLIST_KEY_UISupportedInterfaceOrientations_iPad = "UIInterfaceOrientationPortrait UIInterfaceOrientationPortraitUpsideDown UIInterfaceOrientationLandscapeLeft UIInterfaceOrientationLandscapeRight";
				INFOPLIST_KEY_UISupportedInterfaceOrientations_iPhone = "UIInterfaceOrientationPortrait UIInterfaceOrientationLandscapeLeft UIInterfaceOrientationLandscapeRight";
				IPHONEOS_DEPLOYMENT_TARGET = 15.0;
				LD_RUNPATH_SEARCH_PATHS = (
					"$(inherited)",
					"@executable_path/Frameworks",
				);
				MARKETING_VERSION = 1.0;
				PRODUCT_BUNDLE_IDENTIFIER = dev.lordvidex.ipoll;
				PRODUCT_NAME = "$(TARGET_NAME)";
				SWIFT_EMIT_LOC_STRINGS = YES;
				SWIFT_OPTIMIZATION_LEVEL = "-Onone";
				SWIFT_VERSION = 5.0;
				TARGETED_DEVICE_FAMILY = "1,2";
			};
			name = Debug;
		};
		B95E573C27CD1B700021E53C /* Release */ = {
			isa = XCBuildConfiguration;
			baseConfigurationReference = 78F7A74C5C71D59B0D469D79 /* Pods-iPoll.release.xcconfig */;
			buildSettings = {
				ASSETCATALOG_COMPILER_APPICON_NAME = AppIcon;
				ASSETCATALOG_COMPILER_GLOBAL_ACCENT_COLOR_NAME = AccentColor;
				CLANG_ENABLE_MODULES = YES;
				CODE_SIGN_ENTITLEMENTS = iPoll/Resources/iPoll.entitlements;
				CODE_SIGN_STYLE = Automatic;
				CURRENT_PROJECT_VERSION = 1;
				DEVELOPMENT_TEAM = M6L4J4336Y;
				GENERATE_INFOPLIST_FILE = YES;
				INFOPLIST_FILE = iPoll/Resources/Info.plist;
				INFOPLIST_KEY_NSCameraUsageDescription = "Permission is needed to access the camera to get QR code";
				INFOPLIST_KEY_UIApplicationSupportsIndirectInputEvents = YES;
				INFOPLIST_KEY_UILaunchStoryboardName = LaunchScreen;
				INFOPLIST_KEY_UISupportedInterfaceOrientations_iPad = "UIInterfaceOrientationPortrait UIInterfaceOrientationPortraitUpsideDown UIInterfaceOrientationLandscapeLeft UIInterfaceOrientationLandscapeRight";
				INFOPLIST_KEY_UISupportedInterfaceOrientations_iPhone = "UIInterfaceOrientationPortrait UIInterfaceOrientationLandscapeLeft UIInterfaceOrientationLandscapeRight";
				IPHONEOS_DEPLOYMENT_TARGET = 15.0;
				LD_RUNPATH_SEARCH_PATHS = (
					"$(inherited)",
					"@executable_path/Frameworks",
				);
				MARKETING_VERSION = 1.0;
				PRODUCT_BUNDLE_IDENTIFIER = dev.lordvidex.ipoll;
				PRODUCT_NAME = "$(TARGET_NAME)";
				SWIFT_EMIT_LOC_STRINGS = YES;
				SWIFT_VERSION = 5.0;
				TARGETED_DEVICE_FAMILY = "1,2";
			};
			name = Release;
		};
/* End XCBuildConfiguration section */

/* Begin XCConfigurationList section */
		B938194D27FB178700B91454 /* Build configuration list for PBXNativeTarget "iPollTests" */ = {
			isa = XCConfigurationList;
			buildConfigurations = (
				B938194E27FB178700B91454 /* Debug */,
				B938194F27FB178700B91454 /* Release */,
			);
			defaultConfigurationIsVisible = 0;
			defaultConfigurationName = Release;
		};
		B95E571E27CD1B6E0021E53C /* Build configuration list for PBXProject "iPoll" */ = {
			isa = XCConfigurationList;
			buildConfigurations = (
				B95E573827CD1B700021E53C /* Debug */,
				B95E573927CD1B700021E53C /* Release */,
			);
			defaultConfigurationIsVisible = 0;
			defaultConfigurationName = Release;
		};
		B95E573A27CD1B700021E53C /* Build configuration list for PBXNativeTarget "iPoll" */ = {
			isa = XCConfigurationList;
			buildConfigurations = (
				B95E573B27CD1B700021E53C /* Debug */,
				B95E573C27CD1B700021E53C /* Release */,
			);
			defaultConfigurationIsVisible = 0;
			defaultConfigurationName = Release;
		};
/* End XCConfigurationList section */

/* Begin XCVersionGroup section */
		B944A8A72831BE890046073F /* iPoll.xcdatamodeld */ = {
			isa = XCVersionGroup;
			children = (
				B944A8A82831BE890046073F /* iPoll.xcdatamodel */,
			);
			currentVersion = B944A8A82831BE890046073F /* iPoll.xcdatamodel */;
			path = iPoll.xcdatamodeld;
			sourceTree = "<group>";
			versionGroupType = wrapper.xcdatamodel;
		};
/* End XCVersionGroup section */
	};
	rootObject = B95E571B27CD1B6E0021E53C /* Project object */;
}
