// !$*UTF8*$!
{
	archiveVersion = 1;
	classes = {
	};
	objectVersion = 55;
	objects = {

/* Begin PBXBuildFile section */
		44D069D584B70CEAA7F8C7F7 /* Pods_iPoll.framework in Frameworks */ = {isa = PBXBuildFile; fileRef = 83A0FA5E62AABC7AA5AC687E /* Pods_iPoll.framework */; };
		B90BC0F927DF9AF000D54B3E /* IPLabel.swift in Sources */ = {isa = PBXBuildFile; fileRef = B90BC0F627DF9AF000D54B3E /* IPLabel.swift */; };
		B90BC0FA27DF9AF000D54B3E /* IPButton.swift in Sources */ = {isa = PBXBuildFile; fileRef = B90BC0F727DF9AF000D54B3E /* IPButton.swift */; };
		B90BC0FB27DF9AF000D54B3E /* IPTextField.swift in Sources */ = {isa = PBXBuildFile; fileRef = B90BC0F827DF9AF000D54B3E /* IPTextField.swift */; };
		B90BC0FD27DF9E7B00D54B3E /* JoinPollViewController.swift in Sources */ = {isa = PBXBuildFile; fileRef = B90BC0FC27DF9E7B00D54B3E /* JoinPollViewController.swift */; };
		B90BC0FF27E0688100D54B3E /* QRScannerViewController.swift in Sources */ = {isa = PBXBuildFile; fileRef = B90BC0FE27E0688100D54B3E /* QRScannerViewController.swift */; };
		B917465C27CD90A000140F5B /* UIColor+Hex.swift in Sources */ = {isa = PBXBuildFile; fileRef = B917465B27CD90A000140F5B /* UIColor+Hex.swift */; };
		B917465E27CD929300140F5B /* UsesAutoLayout.swift in Sources */ = {isa = PBXBuildFile; fileRef = B917465D27CD929300140F5B /* UsesAutoLayout.swift */; };
		B938193C27FA50F400B91454 /* DateFormatter+UTC.swift in Sources */ = {isa = PBXBuildFile; fileRef = B938193B27FA50F400B91454 /* DateFormatter+UTC.swift */; };
		B938193E27FABA4D00B91454 /* PollCreateManager.swift in Sources */ = {isa = PBXBuildFile; fileRef = B938193D27FABA4D00B91454 /* PollCreateManager.swift */; };
		B938194227FAF35000B91454 /* PollDto.swift in Sources */ = {isa = PBXBuildFile; fileRef = B938194127FAF35000B91454 /* PollDto.swift */; };
		B95E572727CD1B6E0021E53C /* AppDelegate.swift in Sources */ = {isa = PBXBuildFile; fileRef = B95E572627CD1B6E0021E53C /* AppDelegate.swift */; };
		B95E572927CD1B6E0021E53C /* SceneDelegate.swift in Sources */ = {isa = PBXBuildFile; fileRef = B95E572827CD1B6E0021E53C /* SceneDelegate.swift */; };
		B95E573127CD1B6E0021E53C /* iPoll.xcdatamodeld in Sources */ = {isa = PBXBuildFile; fileRef = B95E572F27CD1B6E0021E53C /* iPoll.xcdatamodeld */; };
		B95E573327CD1B700021E53C /* Assets.xcassets in Resources */ = {isa = PBXBuildFile; fileRef = B95E573227CD1B700021E53C /* Assets.xcassets */; };
		B95E573627CD1B700021E53C /* LaunchScreen.storyboard in Resources */ = {isa = PBXBuildFile; fileRef = B95E573427CD1B700021E53C /* LaunchScreen.storyboard */; };
		B95E573F27CD614D0021E53C /* CreatePollViewController.swift in Sources */ = {isa = PBXBuildFile; fileRef = B95E573E27CD614D0021E53C /* CreatePollViewController.swift */; };
		B98837E527E6311B00094768 /* NetworkService.swift in Sources */ = {isa = PBXBuildFile; fileRef = B98837E427E6311B00094768 /* NetworkService.swift */; };
		B98837E727E6426700094768 /* User.swift in Sources */ = {isa = PBXBuildFile; fileRef = B98837E627E6426700094768 /* User.swift */; };
		B98837E927E656C700094768 /* IPollError.swift in Sources */ = {isa = PBXBuildFile; fileRef = B98837E827E656C700094768 /* IPollError.swift */; };
		B98837EB27E65A1400094768 /* PollManager.swift in Sources */ = {isa = PBXBuildFile; fileRef = B98837EA27E65A1400094768 /* PollManager.swift */; };
		B98837ED27E6839200094768 /* VoteViewController.swift in Sources */ = {isa = PBXBuildFile; fileRef = B98837EC27E6839200094768 /* VoteViewController.swift */; };
		B98837EF27E6925200094768 /* VoteOptionCell.swift in Sources */ = {isa = PBXBuildFile; fileRef = B98837EE27E6925200094768 /* VoteOptionCell.swift */; };
		B98837F127E71BE000094768 /* VoteManager.swift in Sources */ = {isa = PBXBuildFile; fileRef = B98837F027E71BE000094768 /* VoteManager.swift */; };
		B9B275B227DF207E00DD3711 /* CreatePollOptionCell.swift in Sources */ = {isa = PBXBuildFile; fileRef = B9B275B027DF207E00DD3711 /* CreatePollOptionCell.swift */; };
		B9B275B327DF207E00DD3711 /* CreatePollOptionCell.xib in Resources */ = {isa = PBXBuildFile; fileRef = B9B275B127DF207E00DD3711 /* CreatePollOptionCell.xib */; };
		B9EA042F27D4260500D70769 /* Poll.swift in Sources */ = {isa = PBXBuildFile; fileRef = B9EA042E27D4260500D70769 /* Poll.swift */; };
		B9EA043127D428ED00D70769 /* TableView+EmptyView.swift in Sources */ = {isa = PBXBuildFile; fileRef = B9EA043027D428ED00D70769 /* TableView+EmptyView.swift */; };
		B9EA043327D46E7500D70769 /* PollTableViewCell.swift in Sources */ = {isa = PBXBuildFile; fileRef = B9EA043227D46E7500D70769 /* PollTableViewCell.swift */; };
		B9EA043527D52A1500D70769 /* PollViewController.swift in Sources */ = {isa = PBXBuildFile; fileRef = B9EA043427D52A1500D70769 /* PollViewController.swift */; };
		B9EA043727D52BC900D70769 /* Constants.swift in Sources */ = {isa = PBXBuildFile; fileRef = B9EA043627D52BC800D70769 /* Constants.swift */; };
		B9EED03527E7D3CF00483244 /* SocketParser.swift in Sources */ = {isa = PBXBuildFile; fileRef = B9EED03427E7D3CF00483244 /* SocketParser.swift */; };
		B9EED03727E88FDF00483244 /* Router.swift in Sources */ = {isa = PBXBuildFile; fileRef = B9EED03627E88FDF00483244 /* Router.swift */; };
		B9EED03927E8A9D900483244 /* QRGenerator.swift in Sources */ = {isa = PBXBuildFile; fileRef = B9EED03827E8A9D900483244 /* QRGenerator.swift */; };
		B9EED03B27E8B1E100483244 /* PollPreviewController.swift in Sources */ = {isa = PBXBuildFile; fileRef = B9EED03A27E8B1E100483244 /* PollPreviewController.swift */; };
		B9EED03D27E8C62900483244 /* UIImage+resize.swift in Sources */ = {isa = PBXBuildFile; fileRef = B9EED03C27E8C62900483244 /* UIImage+resize.swift */; };
		B9FE54DD27F1AB2900568082 /* PersistenceService.swift in Sources */ = {isa = PBXBuildFile; fileRef = B9FE54DC27F1AB2900568082 /* PersistenceService.swift */; };
		B9FE54DF27F1B3F400568082 /* Entity+Converter.swift in Sources */ = {isa = PBXBuildFile; fileRef = B9FE54DE27F1B3F400568082 /* Entity+Converter.swift */; };
		B9FE54E127F1B8CA00568082 /* NSSet+Array.swift in Sources */ = {isa = PBXBuildFile; fileRef = B9FE54E027F1B8CA00568082 /* NSSet+Array.swift */; };
/* End PBXBuildFile section */

/* Begin PBXFileReference section */
		7B42ABA568AD87AB11D3D1C7 /* Pods-iPoll.release.xcconfig */ = {isa = PBXFileReference; includeInIndex = 1; lastKnownFileType = text.xcconfig; name = "Pods-iPoll.release.xcconfig"; path = "Target Support Files/Pods-iPoll/Pods-iPoll.release.xcconfig"; sourceTree = "<group>"; };
		83A0FA5E62AABC7AA5AC687E /* Pods_iPoll.framework */ = {isa = PBXFileReference; explicitFileType = wrapper.framework; includeInIndex = 0; path = Pods_iPoll.framework; sourceTree = BUILT_PRODUCTS_DIR; };
		B57117825CA50EA4D1352F15 /* Pods-iPoll.debug.xcconfig */ = {isa = PBXFileReference; includeInIndex = 1; lastKnownFileType = text.xcconfig; name = "Pods-iPoll.debug.xcconfig"; path = "Target Support Files/Pods-iPoll/Pods-iPoll.debug.xcconfig"; sourceTree = "<group>"; };
		B90BC0F627DF9AF000D54B3E /* IPLabel.swift */ = {isa = PBXFileReference; fileEncoding = 4; lastKnownFileType = sourcecode.swift; path = IPLabel.swift; sourceTree = "<group>"; };
		B90BC0F727DF9AF000D54B3E /* IPButton.swift */ = {isa = PBXFileReference; fileEncoding = 4; lastKnownFileType = sourcecode.swift; path = IPButton.swift; sourceTree = "<group>"; };
		B90BC0F827DF9AF000D54B3E /* IPTextField.swift */ = {isa = PBXFileReference; fileEncoding = 4; lastKnownFileType = sourcecode.swift; path = IPTextField.swift; sourceTree = "<group>"; };
		B90BC0FC27DF9E7B00D54B3E /* JoinPollViewController.swift */ = {isa = PBXFileReference; fileEncoding = 4; lastKnownFileType = sourcecode.swift; path = JoinPollViewController.swift; sourceTree = "<group>"; };
		B90BC0FE27E0688100D54B3E /* QRScannerViewController.swift */ = {isa = PBXFileReference; lastKnownFileType = sourcecode.swift; path = QRScannerViewController.swift; sourceTree = "<group>"; };
		B917465B27CD90A000140F5B /* UIColor+Hex.swift */ = {isa = PBXFileReference; lastKnownFileType = sourcecode.swift; path = "UIColor+Hex.swift"; sourceTree = "<group>"; };
		B917465D27CD929300140F5B /* UsesAutoLayout.swift */ = {isa = PBXFileReference; lastKnownFileType = sourcecode.swift; path = UsesAutoLayout.swift; sourceTree = "<group>"; };
		B938193B27FA50F400B91454 /* DateFormatter+UTC.swift */ = {isa = PBXFileReference; lastKnownFileType = sourcecode.swift; path = "DateFormatter+UTC.swift"; sourceTree = "<group>"; };
		B938193D27FABA4D00B91454 /* PollCreateManager.swift */ = {isa = PBXFileReference; lastKnownFileType = sourcecode.swift; path = PollCreateManager.swift; sourceTree = "<group>"; };
		B938194127FAF35000B91454 /* PollDto.swift */ = {isa = PBXFileReference; lastKnownFileType = sourcecode.swift; path = PollDto.swift; sourceTree = "<group>"; };
		B95E572327CD1B6E0021E53C /* iPoll.app */ = {isa = PBXFileReference; explicitFileType = wrapper.application; includeInIndex = 0; path = iPoll.app; sourceTree = BUILT_PRODUCTS_DIR; };
		B95E572627CD1B6E0021E53C /* AppDelegate.swift */ = {isa = PBXFileReference; lastKnownFileType = sourcecode.swift; path = AppDelegate.swift; sourceTree = "<group>"; };
		B95E572827CD1B6E0021E53C /* SceneDelegate.swift */ = {isa = PBXFileReference; lastKnownFileType = sourcecode.swift; path = SceneDelegate.swift; sourceTree = "<group>"; };
		B95E573027CD1B6E0021E53C /* iPoll.xcdatamodel */ = {isa = PBXFileReference; lastKnownFileType = wrapper.xcdatamodel; path = iPoll.xcdatamodel; sourceTree = "<group>"; };
		B95E573227CD1B700021E53C /* Assets.xcassets */ = {isa = PBXFileReference; lastKnownFileType = folder.assetcatalog; path = Assets.xcassets; sourceTree = "<group>"; };
		B95E573527CD1B700021E53C /* Base */ = {isa = PBXFileReference; lastKnownFileType = file.storyboard; name = Base; path = Base.lproj/LaunchScreen.storyboard; sourceTree = "<group>"; };
		B95E573727CD1B700021E53C /* Info.plist */ = {isa = PBXFileReference; lastKnownFileType = text.plist.xml; path = Info.plist; sourceTree = "<group>"; };
		B95E573E27CD614D0021E53C /* CreatePollViewController.swift */ = {isa = PBXFileReference; lastKnownFileType = sourcecode.swift; path = CreatePollViewController.swift; sourceTree = "<group>"; };
		B98837E427E6311B00094768 /* NetworkService.swift */ = {isa = PBXFileReference; lastKnownFileType = sourcecode.swift; path = NetworkService.swift; sourceTree = "<group>"; };
		B98837E627E6426700094768 /* User.swift */ = {isa = PBXFileReference; lastKnownFileType = sourcecode.swift; path = User.swift; sourceTree = "<group>"; };
		B98837E827E656C700094768 /* IPollError.swift */ = {isa = PBXFileReference; lastKnownFileType = sourcecode.swift; path = IPollError.swift; sourceTree = "<group>"; };
		B98837EA27E65A1400094768 /* PollManager.swift */ = {isa = PBXFileReference; lastKnownFileType = sourcecode.swift; path = PollManager.swift; sourceTree = "<group>"; };
		B98837EC27E6839200094768 /* VoteViewController.swift */ = {isa = PBXFileReference; lastKnownFileType = sourcecode.swift; path = VoteViewController.swift; sourceTree = "<group>"; };
		B98837EE27E6925200094768 /* VoteOptionCell.swift */ = {isa = PBXFileReference; lastKnownFileType = sourcecode.swift; path = VoteOptionCell.swift; sourceTree = "<group>"; };
		B98837F027E71BE000094768 /* VoteManager.swift */ = {isa = PBXFileReference; lastKnownFileType = sourcecode.swift; path = VoteManager.swift; sourceTree = "<group>"; };
		B9B275B027DF207E00DD3711 /* CreatePollOptionCell.swift */ = {isa = PBXFileReference; lastKnownFileType = sourcecode.swift; path = CreatePollOptionCell.swift; sourceTree = "<group>"; };
		B9B275B127DF207E00DD3711 /* CreatePollOptionCell.xib */ = {isa = PBXFileReference; lastKnownFileType = file.xib; path = CreatePollOptionCell.xib; sourceTree = "<group>"; };
		B9EA042E27D4260500D70769 /* Poll.swift */ = {isa = PBXFileReference; lastKnownFileType = sourcecode.swift; path = Poll.swift; sourceTree = "<group>"; };
		B9EA043027D428ED00D70769 /* TableView+EmptyView.swift */ = {isa = PBXFileReference; lastKnownFileType = sourcecode.swift; path = "TableView+EmptyView.swift"; sourceTree = "<group>"; };
		B9EA043227D46E7500D70769 /* PollTableViewCell.swift */ = {isa = PBXFileReference; lastKnownFileType = sourcecode.swift; path = PollTableViewCell.swift; sourceTree = "<group>"; };
		B9EA043427D52A1500D70769 /* PollViewController.swift */ = {isa = PBXFileReference; lastKnownFileType = sourcecode.swift; path = PollViewController.swift; sourceTree = "<group>"; };
		B9EA043627D52BC800D70769 /* Constants.swift */ = {isa = PBXFileReference; lastKnownFileType = sourcecode.swift; path = Constants.swift; sourceTree = "<group>"; };
		B9EED03427E7D3CF00483244 /* SocketParser.swift */ = {isa = PBXFileReference; lastKnownFileType = sourcecode.swift; path = SocketParser.swift; sourceTree = "<group>"; };
		B9EED03627E88FDF00483244 /* Router.swift */ = {isa = PBXFileReference; lastKnownFileType = sourcecode.swift; path = Router.swift; sourceTree = "<group>"; };
		B9EED03827E8A9D900483244 /* QRGenerator.swift */ = {isa = PBXFileReference; lastKnownFileType = sourcecode.swift; path = QRGenerator.swift; sourceTree = "<group>"; };
		B9EED03A27E8B1E100483244 /* PollPreviewController.swift */ = {isa = PBXFileReference; lastKnownFileType = sourcecode.swift; path = PollPreviewController.swift; sourceTree = "<group>"; };
		B9EED03C27E8C62900483244 /* UIImage+resize.swift */ = {isa = PBXFileReference; lastKnownFileType = sourcecode.swift; path = "UIImage+resize.swift"; sourceTree = "<group>"; };
		B9FE54DC27F1AB2900568082 /* PersistenceService.swift */ = {isa = PBXFileReference; lastKnownFileType = sourcecode.swift; path = PersistenceService.swift; sourceTree = "<group>"; };
		B9FE54DE27F1B3F400568082 /* Entity+Converter.swift */ = {isa = PBXFileReference; lastKnownFileType = sourcecode.swift; path = "Entity+Converter.swift"; sourceTree = "<group>"; };
		B9FE54E027F1B8CA00568082 /* NSSet+Array.swift */ = {isa = PBXFileReference; lastKnownFileType = sourcecode.swift; path = "NSSet+Array.swift"; sourceTree = "<group>"; };
/* End PBXFileReference section */

/* Begin PBXFrameworksBuildPhase section */
		B95E572027CD1B6E0021E53C /* Frameworks */ = {
			isa = PBXFrameworksBuildPhase;
			buildActionMask = 2147483647;
			files = (
				44D069D584B70CEAA7F8C7F7 /* Pods_iPoll.framework in Frameworks */,
			);
			runOnlyForDeploymentPostprocessing = 0;
		};
/* End PBXFrameworksBuildPhase section */

/* Begin PBXGroup section */
		2B8BF54055581C2C6DA9AF00 /* Frameworks */ = {
			isa = PBXGroup;
			children = (
				83A0FA5E62AABC7AA5AC687E /* Pods_iPoll.framework */,
			);
			name = Frameworks;
			sourceTree = "<group>";
		};
		4C1F782A24B5792EA6C9EA08 /* Pods */ = {
			isa = PBXGroup;
			children = (
				B57117825CA50EA4D1352F15 /* Pods-iPoll.debug.xcconfig */,
				7B42ABA568AD87AB11D3D1C7 /* Pods-iPoll.release.xcconfig */,
			);
			path = Pods;
			sourceTree = "<group>";
		};
		B95E571A27CD1B6E0021E53C = {
			isa = PBXGroup;
			children = (
				B95E572527CD1B6E0021E53C /* iPoll */,
				B95E572427CD1B6E0021E53C /* Products */,
				4C1F782A24B5792EA6C9EA08 /* Pods */,
				2B8BF54055581C2C6DA9AF00 /* Frameworks */,
			);
			sourceTree = "<group>";
		};
		B95E572427CD1B6E0021E53C /* Products */ = {
			isa = PBXGroup;
			children = (
				B95E572327CD1B6E0021E53C /* iPoll.app */,
			);
			name = Products;
			sourceTree = "<group>";
		};
		B95E572527CD1B6E0021E53C /* iPoll */ = {
			isa = PBXGroup;
			children = (
				B9EA043827D52BD500D70769 /* Utils */,
				B9EA042D27D425EF00D70769 /* Model */,
				B95E573D27CD61220021E53C /* Views */,
				B95E572627CD1B6E0021E53C /* AppDelegate.swift */,
				B95E572827CD1B6E0021E53C /* SceneDelegate.swift */,
				B95E573227CD1B700021E53C /* Assets.xcassets */,
				B95E573427CD1B700021E53C /* LaunchScreen.storyboard */,
				B95E573727CD1B700021E53C /* Info.plist */,
				B95E572F27CD1B6E0021E53C /* iPoll.xcdatamodeld */,
				B9EA043627D52BC800D70769 /* Constants.swift */,
			);
			path = iPoll;
			sourceTree = "<group>";
		};
		B95E573D27CD61220021E53C /* Views */ = {
			isa = PBXGroup;
			children = (
				B95E574027CD616C0021E53C /* Widgets */,
				B95E573E27CD614D0021E53C /* CreatePollViewController.swift */,
				B9EA043427D52A1500D70769 /* PollViewController.swift */,
				B90BC0FC27DF9E7B00D54B3E /* JoinPollViewController.swift */,
				B90BC0FE27E0688100D54B3E /* QRScannerViewController.swift */,
				B98837EC27E6839200094768 /* VoteViewController.swift */,
				B9EED03A27E8B1E100483244 /* PollPreviewController.swift */,
			);
			path = Views;
			sourceTree = "<group>";
		};
		B95E574027CD616C0021E53C /* Widgets */ = {
			isa = PBXGroup;
			children = (
				B90BC0F727DF9AF000D54B3E /* IPButton.swift */,
				B90BC0F627DF9AF000D54B3E /* IPLabel.swift */,
				B90BC0F827DF9AF000D54B3E /* IPTextField.swift */,
				B9EA043027D428ED00D70769 /* TableView+EmptyView.swift */,
				B9EA043227D46E7500D70769 /* PollTableViewCell.swift */,
				B9B275B027DF207E00DD3711 /* CreatePollOptionCell.swift */,
				B9B275B127DF207E00DD3711 /* CreatePollOptionCell.xib */,
				B98837EE27E6925200094768 /* VoteOptionCell.swift */,
			);
			path = Widgets;
			sourceTree = "<group>";
		};
		B9EA042D27D425EF00D70769 /* Model */ = {
			isa = PBXGroup;
			children = (
				B9EA042E27D4260500D70769 /* Poll.swift */,
				B98837E427E6311B00094768 /* NetworkService.swift */,
				B98837E627E6426700094768 /* User.swift */,
				B98837EA27E65A1400094768 /* PollManager.swift */,
				B98837F027E71BE000094768 /* VoteManager.swift */,
				B9FE54DC27F1AB2900568082 /* PersistenceService.swift */,
				B9FE54DE27F1B3F400568082 /* Entity+Converter.swift */,
				B938193D27FABA4D00B91454 /* PollCreateManager.swift */,
				B938194127FAF35000B91454 /* PollDto.swift */,
			);
			path = Model;
			sourceTree = "<group>";
		};
		B9EA043827D52BD500D70769 /* Utils */ = {
			isa = PBXGroup;
			children = (
				B917465B27CD90A000140F5B /* UIColor+Hex.swift */,
				B917465D27CD929300140F5B /* UsesAutoLayout.swift */,
				B98837E827E656C700094768 /* IPollError.swift */,
				B9EED03427E7D3CF00483244 /* SocketParser.swift */,
				B9EED03627E88FDF00483244 /* Router.swift */,
				B9EED03827E8A9D900483244 /* QRGenerator.swift */,
				B9EED03C27E8C62900483244 /* UIImage+resize.swift */,
				B9FE54E027F1B8CA00568082 /* NSSet+Array.swift */,
				B938193B27FA50F400B91454 /* DateFormatter+UTC.swift */,
			);
			path = Utils;
			sourceTree = "<group>";
		};
/* End PBXGroup section */

/* Begin PBXNativeTarget section */
		B95E572227CD1B6E0021E53C /* iPoll */ = {
			isa = PBXNativeTarget;
			buildConfigurationList = B95E573A27CD1B700021E53C /* Build configuration list for PBXNativeTarget "iPoll" */;
			buildPhases = (
				E532B38F0D0118FB73E38137 /* [CP] Check Pods Manifest.lock */,
				B95E571F27CD1B6E0021E53C /* Sources */,
				B95E572027CD1B6E0021E53C /* Frameworks */,
				B95E572127CD1B6E0021E53C /* Resources */,
				0388AA80577839B5BDA6A1D3 /* [CP] Embed Pods Frameworks */,
				B939957527E8E1C5001CAB56 /* ShellScript */,
			);
			buildRules = (
			);
			dependencies = (
			);
			name = iPoll;
			productName = iPoll;
			productReference = B95E572327CD1B6E0021E53C /* iPoll.app */;
			productType = "com.apple.product-type.application";
		};
/* End PBXNativeTarget section */

/* Begin PBXProject section */
		B95E571B27CD1B6E0021E53C /* Project object */ = {
			isa = PBXProject;
			attributes = {
				BuildIndependentTargetsInParallel = 1;
				LastSwiftUpdateCheck = 1320;
				LastUpgradeCheck = 1320;
				TargetAttributes = {
					B95E572227CD1B6E0021E53C = {
						CreatedOnToolsVersion = 13.2.1;
					};
				};
			};
			buildConfigurationList = B95E571E27CD1B6E0021E53C /* Build configuration list for PBXProject "iPoll" */;
			compatibilityVersion = "Xcode 13.0";
			developmentRegion = en;
			hasScannedForEncodings = 0;
			knownRegions = (
				en,
				Base,
			);
			mainGroup = B95E571A27CD1B6E0021E53C;
			productRefGroup = B95E572427CD1B6E0021E53C /* Products */;
			projectDirPath = "";
			projectRoot = "";
			targets = (
				B95E572227CD1B6E0021E53C /* iPoll */,
			);
		};
/* End PBXProject section */

/* Begin PBXResourcesBuildPhase section */
		B95E572127CD1B6E0021E53C /* Resources */ = {
			isa = PBXResourcesBuildPhase;
			buildActionMask = 2147483647;
			files = (
				B95E573627CD1B700021E53C /* LaunchScreen.storyboard in Resources */,
				B95E573327CD1B700021E53C /* Assets.xcassets in Resources */,
				B9B275B327DF207E00DD3711 /* CreatePollOptionCell.xib in Resources */,
			);
			runOnlyForDeploymentPostprocessing = 0;
		};
/* End PBXResourcesBuildPhase section */

/* Begin PBXShellScriptBuildPhase section */
		0388AA80577839B5BDA6A1D3 /* [CP] Embed Pods Frameworks */ = {
			isa = PBXShellScriptBuildPhase;
			buildActionMask = 2147483647;
			files = (
			);
			inputFileListPaths = (
				"${PODS_ROOT}/Target Support Files/Pods-iPoll/Pods-iPoll-frameworks-${CONFIGURATION}-input-files.xcfilelist",
			);
			name = "[CP] Embed Pods Frameworks";
			outputFileListPaths = (
				"${PODS_ROOT}/Target Support Files/Pods-iPoll/Pods-iPoll-frameworks-${CONFIGURATION}-output-files.xcfilelist",
			);
			runOnlyForDeploymentPostprocessing = 0;
			shellPath = /bin/sh;
			shellScript = "\"${PODS_ROOT}/Target Support Files/Pods-iPoll/Pods-iPoll-frameworks.sh\"\n";
			showEnvVarsInLog = 0;
		};
		B939957527E8E1C5001CAB56 /* ShellScript */ = {
			isa = PBXShellScriptBuildPhase;
			alwaysOutOfDate = 1;
			buildActionMask = 12;
			files = (
			);
			inputFileListPaths = (
			);
			inputPaths = (
			);
			outputFileListPaths = (
			);
			outputPaths = (
			);
			runOnlyForDeploymentPostprocessing = 0;
			shellPath = /bin/sh;
			shellScript = "# Type a script or drag a script file from your workspace to insert its path.\nalias swiftlint = ${PODS_ROOT}/SwiftLint/swiftlint\nif which swiftlint >/dev/null; then\n  \U001b swiftlint --fix\n   swiftlint\n   \nelse \n    echo \"Warning Swiftlint not installed\"\nfi\n";
		};
		E532B38F0D0118FB73E38137 /* [CP] Check Pods Manifest.lock */ = {
			isa = PBXShellScriptBuildPhase;
			buildActionMask = 2147483647;
			files = (
			);
			inputFileListPaths = (
			);
			inputPaths = (
				"${PODS_PODFILE_DIR_PATH}/Podfile.lock",
				"${PODS_ROOT}/Manifest.lock",
			);
			name = "[CP] Check Pods Manifest.lock";
			outputFileListPaths = (
			);
			outputPaths = (
				"$(DERIVED_FILE_DIR)/Pods-iPoll-checkManifestLockResult.txt",
			);
			runOnlyForDeploymentPostprocessing = 0;
			shellPath = /bin/sh;
			shellScript = "diff \"${PODS_PODFILE_DIR_PATH}/Podfile.lock\" \"${PODS_ROOT}/Manifest.lock\" > /dev/null\nif [ $? != 0 ] ; then\n    # print error to STDERR\n    echo \"error: The sandbox is not in sync with the Podfile.lock. Run 'pod install' or update your CocoaPods installation.\" >&2\n    exit 1\nfi\n# This output is used by Xcode 'outputs' to avoid re-running this script phase.\necho \"SUCCESS\" > \"${SCRIPT_OUTPUT_FILE_0}\"\n";
			showEnvVarsInLog = 0;
		};
/* End PBXShellScriptBuildPhase section */

/* Begin PBXSourcesBuildPhase section */
		B95E571F27CD1B6E0021E53C /* Sources */ = {
			isa = PBXSourcesBuildPhase;
			buildActionMask = 2147483647;
			files = (
				B98837E527E6311B00094768 /* NetworkService.swift in Sources */,
				B917465C27CD90A000140F5B /* UIColor+Hex.swift in Sources */,
				B938193E27FABA4D00B91454 /* PollCreateManager.swift in Sources */,
				B938194227FAF35000B91454 /* PollDto.swift in Sources */,
				B9EED03B27E8B1E100483244 /* PollPreviewController.swift in Sources */,
				B9FE54E127F1B8CA00568082 /* NSSet+Array.swift in Sources */,
				B90BC0F927DF9AF000D54B3E /* IPLabel.swift in Sources */,
				B917465E27CD929300140F5B /* UsesAutoLayout.swift in Sources */,
				B9EED03727E88FDF00483244 /* Router.swift in Sources */,
				B95E572727CD1B6E0021E53C /* AppDelegate.swift in Sources */,
				B9EED03927E8A9D900483244 /* QRGenerator.swift in Sources */,
				B938193C27FA50F400B91454 /* DateFormatter+UTC.swift in Sources */,
				B98837F127E71BE000094768 /* VoteManager.swift in Sources */,
				B9EA043527D52A1500D70769 /* PollViewController.swift in Sources */,
				B9EA042F27D4260500D70769 /* Poll.swift in Sources */,
				B9EA043727D52BC900D70769 /* Constants.swift in Sources */,
				B98837E727E6426700094768 /* User.swift in Sources */,
				B95E573F27CD614D0021E53C /* CreatePollViewController.swift in Sources */,
				B95E573127CD1B6E0021E53C /* iPoll.xcdatamodeld in Sources */,
				B9EED03527E7D3CF00483244 /* SocketParser.swift in Sources */,
				B9EA043327D46E7500D70769 /* PollTableViewCell.swift in Sources */,
				B90BC0FB27DF9AF000D54B3E /* IPTextField.swift in Sources */,
				B98837EB27E65A1400094768 /* PollManager.swift in Sources */,
				B90BC0FD27DF9E7B00D54B3E /* JoinPollViewController.swift in Sources */,
				B98837ED27E6839200094768 /* VoteViewController.swift in Sources */,
				B90BC0FA27DF9AF000D54B3E /* IPButton.swift in Sources */,
				B98837E927E656C700094768 /* IPollError.swift in Sources */,
				B9FE54DD27F1AB2900568082 /* PersistenceService.swift in Sources */,
				B90BC0FF27E0688100D54B3E /* QRScannerViewController.swift in Sources */,
				B9FE54DF27F1B3F400568082 /* Entity+Converter.swift in Sources */,
				B9B275B227DF207E00DD3711 /* CreatePollOptionCell.swift in Sources */,
				B9EA043127D428ED00D70769 /* TableView+EmptyView.swift in Sources */,
				B95E572927CD1B6E0021E53C /* SceneDelegate.swift in Sources */,
				B98837EF27E6925200094768 /* VoteOptionCell.swift in Sources */,
				B9EED03D27E8C62900483244 /* UIImage+resize.swift in Sources */,
			);
			runOnlyForDeploymentPostprocessing = 0;
		};
/* End PBXSourcesBuildPhase section */

/* Begin PBXVariantGroup section */
		B95E573427CD1B700021E53C /* LaunchScreen.storyboard */ = {
			isa = PBXVariantGroup;
			children = (
				B95E573527CD1B700021E53C /* Base */,
			);
			name = LaunchScreen.storyboard;
			sourceTree = "<group>";
		};
/* End PBXVariantGroup section */

/* Begin XCBuildConfiguration section */
		B95E573827CD1B700021E53C /* Debug */ = {
			isa = XCBuildConfiguration;
			buildSettings = {
				ALWAYS_SEARCH_USER_PATHS = NO;
				CLANG_ANALYZER_NONNULL = YES;
				CLANG_ANALYZER_NUMBER_OBJECT_CONVERSION = YES_AGGRESSIVE;
				CLANG_CXX_LANGUAGE_STANDARD = "gnu++17";
				CLANG_CXX_LIBRARY = "libc++";
				CLANG_ENABLE_MODULES = YES;
				CLANG_ENABLE_OBJC_ARC = YES;
				CLANG_ENABLE_OBJC_WEAK = YES;
				CLANG_WARN_BLOCK_CAPTURE_AUTORELEASING = YES;
				CLANG_WARN_BOOL_CONVERSION = YES;
				CLANG_WARN_COMMA = YES;
				CLANG_WARN_CONSTANT_CONVERSION = YES;
				CLANG_WARN_DEPRECATED_OBJC_IMPLEMENTATIONS = YES;
				CLANG_WARN_DIRECT_OBJC_ISA_USAGE = YES_ERROR;
				CLANG_WARN_DOCUMENTATION_COMMENTS = YES;
				CLANG_WARN_EMPTY_BODY = YES;
				CLANG_WARN_ENUM_CONVERSION = YES;
				CLANG_WARN_INFINITE_RECURSION = YES;
				CLANG_WARN_INT_CONVERSION = YES;
				CLANG_WARN_NON_LITERAL_NULL_CONVERSION = YES;
				CLANG_WARN_OBJC_IMPLICIT_RETAIN_SELF = YES;
				CLANG_WARN_OBJC_LITERAL_CONVERSION = YES;
				CLANG_WARN_OBJC_ROOT_CLASS = YES_ERROR;
				CLANG_WARN_QUOTED_INCLUDE_IN_FRAMEWORK_HEADER = YES;
				CLANG_WARN_RANGE_LOOP_ANALYSIS = YES;
				CLANG_WARN_STRICT_PROTOTYPES = YES;
				CLANG_WARN_SUSPICIOUS_MOVE = YES;
				CLANG_WARN_UNGUARDED_AVAILABILITY = YES_AGGRESSIVE;
				CLANG_WARN_UNREACHABLE_CODE = YES;
				CLANG_WARN__DUPLICATE_METHOD_MATCH = YES;
				COPY_PHASE_STRIP = NO;
				DEBUG_INFORMATION_FORMAT = dwarf;
				ENABLE_STRICT_OBJC_MSGSEND = YES;
				ENABLE_TESTABILITY = YES;
				GCC_C_LANGUAGE_STANDARD = gnu11;
				GCC_DYNAMIC_NO_PIC = NO;
				GCC_NO_COMMON_BLOCKS = YES;
				GCC_OPTIMIZATION_LEVEL = 0;
				GCC_PREPROCESSOR_DEFINITIONS = (
					"DEBUG=1",
					"$(inherited)",
				);
				GCC_WARN_64_TO_32_BIT_CONVERSION = YES;
				GCC_WARN_ABOUT_RETURN_TYPE = YES_ERROR;
				GCC_WARN_UNDECLARED_SELECTOR = YES;
				GCC_WARN_UNINITIALIZED_AUTOS = YES_AGGRESSIVE;
				GCC_WARN_UNUSED_FUNCTION = YES;
				GCC_WARN_UNUSED_VARIABLE = YES;
				IPHONEOS_DEPLOYMENT_TARGET = 15.2;
				MTL_ENABLE_DEBUG_INFO = INCLUDE_SOURCE;
				MTL_FAST_MATH = YES;
				ONLY_ACTIVE_ARCH = YES;
				SDKROOT = iphoneos;
				SWIFT_ACTIVE_COMPILATION_CONDITIONS = DEBUG;
				SWIFT_OPTIMIZATION_LEVEL = "-Onone";
			};
			name = Debug;
		};
		B95E573927CD1B700021E53C /* Release */ = {
			isa = XCBuildConfiguration;
			buildSettings = {
				ALWAYS_SEARCH_USER_PATHS = NO;
				CLANG_ANALYZER_NONNULL = YES;
				CLANG_ANALYZER_NUMBER_OBJECT_CONVERSION = YES_AGGRESSIVE;
				CLANG_CXX_LANGUAGE_STANDARD = "gnu++17";
				CLANG_CXX_LIBRARY = "libc++";
				CLANG_ENABLE_MODULES = YES;
				CLANG_ENABLE_OBJC_ARC = YES;
				CLANG_ENABLE_OBJC_WEAK = YES;
				CLANG_WARN_BLOCK_CAPTURE_AUTORELEASING = YES;
				CLANG_WARN_BOOL_CONVERSION = YES;
				CLANG_WARN_COMMA = YES;
				CLANG_WARN_CONSTANT_CONVERSION = YES;
				CLANG_WARN_DEPRECATED_OBJC_IMPLEMENTATIONS = YES;
				CLANG_WARN_DIRECT_OBJC_ISA_USAGE = YES_ERROR;
				CLANG_WARN_DOCUMENTATION_COMMENTS = YES;
				CLANG_WARN_EMPTY_BODY = YES;
				CLANG_WARN_ENUM_CONVERSION = YES;
				CLANG_WARN_INFINITE_RECURSION = YES;
				CLANG_WARN_INT_CONVERSION = YES;
				CLANG_WARN_NON_LITERAL_NULL_CONVERSION = YES;
				CLANG_WARN_OBJC_IMPLICIT_RETAIN_SELF = YES;
				CLANG_WARN_OBJC_LITERAL_CONVERSION = YES;
				CLANG_WARN_OBJC_ROOT_CLASS = YES_ERROR;
				CLANG_WARN_QUOTED_INCLUDE_IN_FRAMEWORK_HEADER = YES;
				CLANG_WARN_RANGE_LOOP_ANALYSIS = YES;
				CLANG_WARN_STRICT_PROTOTYPES = YES;
				CLANG_WARN_SUSPICIOUS_MOVE = YES;
				CLANG_WARN_UNGUARDED_AVAILABILITY = YES_AGGRESSIVE;
				CLANG_WARN_UNREACHABLE_CODE = YES;
				CLANG_WARN__DUPLICATE_METHOD_MATCH = YES;
				COPY_PHASE_STRIP = NO;
				DEBUG_INFORMATION_FORMAT = "dwarf-with-dsym";
				ENABLE_NS_ASSERTIONS = NO;
				ENABLE_STRICT_OBJC_MSGSEND = YES;
				GCC_C_LANGUAGE_STANDARD = gnu11;
				GCC_NO_COMMON_BLOCKS = YES;
				GCC_WARN_64_TO_32_BIT_CONVERSION = YES;
				GCC_WARN_ABOUT_RETURN_TYPE = YES_ERROR;
				GCC_WARN_UNDECLARED_SELECTOR = YES;
				GCC_WARN_UNINITIALIZED_AUTOS = YES_AGGRESSIVE;
				GCC_WARN_UNUSED_FUNCTION = YES;
				GCC_WARN_UNUSED_VARIABLE = YES;
				IPHONEOS_DEPLOYMENT_TARGET = 15.2;
				MTL_ENABLE_DEBUG_INFO = NO;
				MTL_FAST_MATH = YES;
				SDKROOT = iphoneos;
				SWIFT_COMPILATION_MODE = wholemodule;
				SWIFT_OPTIMIZATION_LEVEL = "-O";
				VALIDATE_PRODUCT = YES;
			};
			name = Release;
		};
		B95E573B27CD1B700021E53C /* Debug */ = {
			isa = XCBuildConfiguration;
			baseConfigurationReference = B57117825CA50EA4D1352F15 /* Pods-iPoll.debug.xcconfig */;
			buildSettings = {
				ASSETCATALOG_COMPILER_APPICON_NAME = AppIcon;
				ASSETCATALOG_COMPILER_GLOBAL_ACCENT_COLOR_NAME = AccentColor;
				CODE_SIGN_STYLE = Automatic;
				CURRENT_PROJECT_VERSION = 1;
				DEVELOPMENT_TEAM = QX575RRUK3;
				GENERATE_INFOPLIST_FILE = YES;
				INFOPLIST_FILE = iPoll/Info.plist;
				INFOPLIST_KEY_NSCameraUsageDescription = "Permission is needed to access the camera to get QR code";
				INFOPLIST_KEY_UIApplicationSupportsIndirectInputEvents = YES;
				INFOPLIST_KEY_UILaunchStoryboardName = LaunchScreen;
				INFOPLIST_KEY_UISupportedInterfaceOrientations_iPad = "UIInterfaceOrientationPortrait UIInterfaceOrientationPortraitUpsideDown UIInterfaceOrientationLandscapeLeft UIInterfaceOrientationLandscapeRight";
				INFOPLIST_KEY_UISupportedInterfaceOrientations_iPhone = "UIInterfaceOrientationPortrait UIInterfaceOrientationLandscapeLeft UIInterfaceOrientationLandscapeRight";
				LD_RUNPATH_SEARCH_PATHS = (
					"$(inherited)",
					"@executable_path/Frameworks",
				);
				MARKETING_VERSION = 1.0;
				PRODUCT_BUNDLE_IDENTIFIER = dev.lordvidex.ipoll;
				PRODUCT_NAME = "$(TARGET_NAME)";
				SWIFT_EMIT_LOC_STRINGS = YES;
				SWIFT_VERSION = 5.0;
				TARGETED_DEVICE_FAMILY = "1,2";
			};
			name = Debug;
		};
		B95E573C27CD1B700021E53C /* Release */ = {
			isa = XCBuildConfiguration;
			baseConfigurationReference = 7B42ABA568AD87AB11D3D1C7 /* Pods-iPoll.release.xcconfig */;
			buildSettings = {
				ASSETCATALOG_COMPILER_APPICON_NAME = AppIcon;
				ASSETCATALOG_COMPILER_GLOBAL_ACCENT_COLOR_NAME = AccentColor;
				CODE_SIGN_STYLE = Automatic;
				CURRENT_PROJECT_VERSION = 1;
				DEVELOPMENT_TEAM = QX575RRUK3;
				GENERATE_INFOPLIST_FILE = YES;
				INFOPLIST_FILE = iPoll/Info.plist;
				INFOPLIST_KEY_NSCameraUsageDescription = "Permission is needed to access the camera to get QR code";
				INFOPLIST_KEY_UIApplicationSupportsIndirectInputEvents = YES;
				INFOPLIST_KEY_UILaunchStoryboardName = LaunchScreen;
				INFOPLIST_KEY_UISupportedInterfaceOrientations_iPad = "UIInterfaceOrientationPortrait UIInterfaceOrientationPortraitUpsideDown UIInterfaceOrientationLandscapeLeft UIInterfaceOrientationLandscapeRight";
				INFOPLIST_KEY_UISupportedInterfaceOrientations_iPhone = "UIInterfaceOrientationPortrait UIInterfaceOrientationLandscapeLeft UIInterfaceOrientationLandscapeRight";
				LD_RUNPATH_SEARCH_PATHS = (
					"$(inherited)",
					"@executable_path/Frameworks",
				);
				MARKETING_VERSION = 1.0;
				PRODUCT_BUNDLE_IDENTIFIER = dev.lordvidex.ipoll;
				PRODUCT_NAME = "$(TARGET_NAME)";
				SWIFT_EMIT_LOC_STRINGS = YES;
				SWIFT_VERSION = 5.0;
				TARGETED_DEVICE_FAMILY = "1,2";
			};
			name = Release;
		};
/* End XCBuildConfiguration section */

/* Begin XCConfigurationList section */
		B95E571E27CD1B6E0021E53C /* Build configuration list for PBXProject "iPoll" */ = {
			isa = XCConfigurationList;
			buildConfigurations = (
				B95E573827CD1B700021E53C /* Debug */,
				B95E573927CD1B700021E53C /* Release */,
			);
			defaultConfigurationIsVisible = 0;
			defaultConfigurationName = Release;
		};
		B95E573A27CD1B700021E53C /* Build configuration list for PBXNativeTarget "iPoll" */ = {
			isa = XCConfigurationList;
			buildConfigurations = (
				B95E573B27CD1B700021E53C /* Debug */,
				B95E573C27CD1B700021E53C /* Release */,
			);
			defaultConfigurationIsVisible = 0;
			defaultConfigurationName = Release;
		};
/* End XCConfigurationList section */

/* Begin XCVersionGroup section */
		B95E572F27CD1B6E0021E53C /* iPoll.xcdatamodeld */ = {
			isa = XCVersionGroup;
			children = (
				B95E573027CD1B6E0021E53C /* iPoll.xcdatamodel */,
			);
			currentVersion = B95E573027CD1B6E0021E53C /* iPoll.xcdatamodel */;
			path = iPoll.xcdatamodeld;
			sourceTree = "<group>";
			versionGroupType = wrapper.xcdatamodel;
		};
/* End XCVersionGroup section */
	};
	rootObject = B95E571B27CD1B6E0021E53C /* Project object */;
}
